
Microsoft Visual Studio Solution File, Format Version 10.00
# Visual Studio 2008
Project("{2150E333-8FDC-42A3-9474-1A3956D46DE8}") = "Solution Items", "Solution Items", "{8CE95157-4FE5-4BCB-A1BB-2B851389BB61}"
	ProjectSection(SolutionItems) = preProject
		debug.vsprops = debug.vsprops
		..\..\..\..\Tool\KanziTool\Resources\PropertyTypes\DefaultPropertyTypes.xml = ..\..\..\..\Tool\KanziTool\Resources\PropertyTypes\DefaultPropertyTypes.xml
		es1_img.vsprops = es1_img.vsprops
		es2_img.vsprops = es2_img.vsprops
		gl_21.vsprops = gl_21.vsprops
		gl_none.vsprops = gl_none.vsprops
		itype.vsprops = itype.vsprops
		kanzi.vsprops = kanzi.vsprops
		openvg_11_ri.vsprops = openvg_11_ri.vsprops
		release.vsprops = release.vsprops
		tests_prebuild_configuration.vsprops = tests_prebuild_configuration.vsprops
		tool_module.vsprops = tool_module.vsprops
	EndProjectSection
EndProject
Project("{2150E333-8FDC-42A3-9474-1A3956D46DE8}") = "Library", "Library", "{62D4372B-F90E-4E38-9977-3532DCD55137}"
EndProject
Project("{8BC9CEB8-8B4A-11D0-8D11-00A0C91BC942}") = "system", "system.vcproj", "{2DB1F545-E8FA-471A-A652-3C1B511DAF13}"
EndProject
Project("{8BC9CEB8-8B4A-11D0-8D11-00A0C91BC942}") = "core", "core.vcproj", "{A05F6AFE-F591-42B8-967E-B85C13285F67}"
	ProjectSection(ProjectDependencies) = postProject
		{2DB1F545-E8FA-471A-A652-3C1B511DAF13} = {2DB1F545-E8FA-471A-A652-3C1B511DAF13}
	EndProjectSection
EndProject
Project("{8BC9CEB8-8B4A-11D0-8D11-00A0C91BC942}") = "user", "user.vcproj", "{87008A20-7C32-478B-94F6-FFC5D24EE936}"
	ProjectSection(ProjectDependencies) = postProject
		{2DB1F545-E8FA-471A-A652-3C1B511DAF13} = {2DB1F545-E8FA-471A-A652-3C1B511DAF13}
		{A05F6AFE-F591-42B8-967E-B85C13285F67} = {A05F6AFE-F591-42B8-967E-B85C13285F67}
	EndProjectSection
EndProject
Project("{8BC9CEB8-8B4A-11D0-8D11-00A0C91BC942}") = "application_framework", "application_framework.vcproj", "{2C30E615-E8A1-4337-A0A4-87608CA167E2}"
	ProjectSection(ProjectDependencies) = postProject
		{87008A20-7C32-478B-94F6-FFC5D24EE936} = {87008A20-7C32-478B-94F6-FFC5D24EE936}
		{2DB1F545-E8FA-471A-A652-3C1B511DAF13} = {2DB1F545-E8FA-471A-A652-3C1B511DAF13}
		{A05F6AFE-F591-42B8-967E-B85C13285F67} = {A05F6AFE-F591-42B8-967E-B85C13285F67}
	EndProjectSection
EndProject
Project("{2150E333-8FDC-42A3-9474-1A3956D46DE8}") = "Wrappers", "Wrappers", "{E2D2576D-1724-4E7E-AC7C-FCBB9C5BE54B}"
EndProject
Project("{8BC9CEB8-8B4A-11D0-8D11-00A0C91BC942}") = "managed_wrapper", "managed_wrapper.vcproj", "{8A4C5008-975D-4F72-A37F-8A9F4E9809F8}"
	ProjectSection(ProjectDependencies) = postProject
		{87008A20-7C32-478B-94F6-FFC5D24EE936} = {87008A20-7C32-478B-94F6-FFC5D24EE936}
		{2DB1F545-E8FA-471A-A652-3C1B511DAF13} = {2DB1F545-E8FA-471A-A652-3C1B511DAF13}
		{A05F6AFE-F591-42B8-967E-B85C13285F67} = {A05F6AFE-F591-42B8-967E-B85C13285F67}
	EndProjectSection
EndProject
Project("{2150E333-8FDC-42A3-9474-1A3956D46DE8}") = "Tests", "Tests", "{E770E099-1357-4FDB-90DA-985BCFB32F3F}"
EndProject
Project("{2150E333-8FDC-42A3-9474-1A3956D46DE8}") = "Applications", "Applications", "{27F43C0D-594E-4759-8BF9-7CB81157C49D}"
EndProject
Project("{8BC9CEB8-8B4A-11D0-8D11-00A0C91BC942}") = "default_tool_module", "default_tool_module.vcproj", "{35DAA9DC-9EB1-4774-930F-56191E839573}"
	ProjectSection(ProjectDependencies) = postProject
		{2C30E615-E8A1-4337-A0A4-87608CA167E2} = {2C30E615-E8A1-4337-A0A4-87608CA167E2}
		{87008A20-7C32-478B-94F6-FFC5D24EE936} = {87008A20-7C32-478B-94F6-FFC5D24EE936}
		{2DB1F545-E8FA-471A-A652-3C1B511DAF13} = {2DB1F545-E8FA-471A-A652-3C1B511DAF13}
		{A05F6AFE-F591-42B8-967E-B85C13285F67} = {A05F6AFE-F591-42B8-967E-B85C13285F67}
	EndProjectSection
EndProject
Project("{2150E333-8FDC-42A3-9474-1A3956D46DE8}") = "Backstage", "Backstage", "{67F71211-9061-46B8-9491-C35CB70818AB}"
EndProject
Project("{2150E333-8FDC-42A3-9474-1A3956D46DE8}") = "msell", "msell", "{B6A3A092-DB45-4A44-B46D-6F775FE65AF0}"
EndProject
Project("{2150E333-8FDC-42A3-9474-1A3956D46DE8}") = "tvolotin", "tvolotin", "{D8F9AD16-98D5-4A5C-BB66-0EDAB3A14F38}"
EndProject
Project("{2150E333-8FDC-42A3-9474-1A3956D46DE8}") = "rlaatika", "rlaatika", "{DC091D9B-8F97-4BAF-9B26-EA692C666C78}"
EndProject
Project("{8BC9CEB8-8B4A-11D0-8D11-00A0C91BC942}") = "lua_test", "..\..\..\tests\backstage\rlaatika\opengl_es2_tests.vcproj", "{0DC8C279-EE44-4149-89DB-C72219C99917}"
	ProjectSection(ProjectDependencies) = postProject
		{2C30E615-E8A1-4337-A0A4-87608CA167E2} = {2C30E615-E8A1-4337-A0A4-87608CA167E2}
		{87008A20-7C32-478B-94F6-FFC5D24EE936} = {87008A20-7C32-478B-94F6-FFC5D24EE936}
		{2DB1F545-E8FA-471A-A652-3C1B511DAF13} = {2DB1F545-E8FA-471A-A652-3C1B511DAF13}
		{A05F6AFE-F591-42B8-967E-B85C13285F67} = {A05F6AFE-F591-42B8-967E-B85C13285F67}
	EndProjectSection
EndProject
Project("{2150E333-8FDC-42A3-9474-1A3956D46DE8}") = "mkuitune", "mkuitune", "{DC1BA1E9-4434-42EA-8084-640C30395355}"
EndProject
Project("{8BC9CEB8-8B4A-11D0-8D11-00A0C91BC942}") = "es2_tests", "..\..\..\tests\backstage\rlaatika\opengl_es2_tests2.vcproj", "{5A54B448-375E-40FA-B54B-A5D54AC2B7DB}"
	ProjectSection(ProjectDependencies) = postProject
		{2C30E615-E8A1-4337-A0A4-87608CA167E2} = {2C30E615-E8A1-4337-A0A4-87608CA167E2}
		{87008A20-7C32-478B-94F6-FFC5D24EE936} = {87008A20-7C32-478B-94F6-FFC5D24EE936}
		{2DB1F545-E8FA-471A-A652-3C1B511DAF13} = {2DB1F545-E8FA-471A-A652-3C1B511DAF13}
		{A05F6AFE-F591-42B8-967E-B85C13285F67} = {A05F6AFE-F591-42B8-967E-B85C13285F67}
	EndProjectSection
EndProject
Project("{8BC9CEB8-8B4A-11D0-8D11-00A0C91BC942}") = "binary_viewer", "binary_viewer.vcproj", "{BA4BB28E-11CE-41E1-90B8-57F79CFE07A1}"
	ProjectSection(ProjectDependencies) = postProject
		{2C30E615-E8A1-4337-A0A4-87608CA167E2} = {2C30E615-E8A1-4337-A0A4-87608CA167E2}
		{87008A20-7C32-478B-94F6-FFC5D24EE936} = {87008A20-7C32-478B-94F6-FFC5D24EE936}
		{2DB1F545-E8FA-471A-A652-3C1B511DAF13} = {2DB1F545-E8FA-471A-A652-3C1B511DAF13}
		{A05F6AFE-F591-42B8-967E-B85C13285F67} = {A05F6AFE-F591-42B8-967E-B85C13285F67}
	EndProjectSection
EndProject
Project("{8BC9CEB8-8B4A-11D0-8D11-00A0C91BC942}") = "vg_ri_test", "..\..\..\tests\backstage\mkuitune\vg_ri_test.vcproj", "{BA14E52B-B10F-4AFE-8007-2626075CFA52}"
	ProjectSection(ProjectDependencies) = postProject
		{2C30E615-E8A1-4337-A0A4-87608CA167E2} = {2C30E615-E8A1-4337-A0A4-87608CA167E2}
		{87008A20-7C32-478B-94F6-FFC5D24EE936} = {87008A20-7C32-478B-94F6-FFC5D24EE936}
		{2DB1F545-E8FA-471A-A652-3C1B511DAF13} = {2DB1F545-E8FA-471A-A652-3C1B511DAF13}
		{A05F6AFE-F591-42B8-967E-B85C13285F67} = {A05F6AFE-F591-42B8-967E-B85C13285F67}
	EndProjectSection
EndProject
Project("{2150E333-8FDC-42A3-9474-1A3956D46DE8}") = "avlasov", "avlasov", "{EB30F474-9D6A-4995-97E4-A317D8DA966C}"
EndProject
Project("{8BC9CEB8-8B4A-11D0-8D11-00A0C91BC942}") = "Introduction", "..\..\..\..\Examples\Introduction\Application\configs\platforms\win32\Introduction.vcproj", "{0E0E7277-FFC6-479B-9F2F-F4451D094E03}"
	ProjectSection(ProjectDependencies) = postProject
		{2C30E615-E8A1-4337-A0A4-87608CA167E2} = {2C30E615-E8A1-4337-A0A4-87608CA167E2}
		{87008A20-7C32-478B-94F6-FFC5D24EE936} = {87008A20-7C32-478B-94F6-FFC5D24EE936}
		{2DB1F545-E8FA-471A-A652-3C1B511DAF13} = {2DB1F545-E8FA-471A-A652-3C1B511DAF13}
		{A05F6AFE-F591-42B8-967E-B85C13285F67} = {A05F6AFE-F591-42B8-967E-B85C13285F67}
	EndProjectSection
EndProject
Project("{2150E333-8FDC-42A3-9474-1A3956D46DE8}") = "Examples", "Examples", "{453D8066-A3EE-48F8-8563-6B0241838359}"
EndProject
Project("{8BC9CEB8-8B4A-11D0-8D11-00A0C91BC942}") = "Mesh", "..\..\..\..\Examples\Mesh\Application\configs\platforms\win32\Mesh.vcproj", "{47CC7865-01E1-4674-928D-05CC5D0AC274}"
	ProjectSection(ProjectDependencies) = postProject
		{2C30E615-E8A1-4337-A0A4-87608CA167E2} = {2C30E615-E8A1-4337-A0A4-87608CA167E2}
		{87008A20-7C32-478B-94F6-FFC5D24EE936} = {87008A20-7C32-478B-94F6-FFC5D24EE936}
		{2DB1F545-E8FA-471A-A652-3C1B511DAF13} = {2DB1F545-E8FA-471A-A652-3C1B511DAF13}
		{A05F6AFE-F591-42B8-967E-B85C13285F67} = {A05F6AFE-F591-42B8-967E-B85C13285F67}
	EndProjectSection
EndProject
Project("{8BC9CEB8-8B4A-11D0-8D11-00A0C91BC942}") = "Input", "..\..\..\..\Examples\Input\Application\configs\platforms\win32\Input.vcproj", "{284A53EC-52AB-4031-B305-A4B8850AB9AC}"
	ProjectSection(ProjectDependencies) = postProject
		{2C30E615-E8A1-4337-A0A4-87608CA167E2} = {2C30E615-E8A1-4337-A0A4-87608CA167E2}
		{87008A20-7C32-478B-94F6-FFC5D24EE936} = {87008A20-7C32-478B-94F6-FFC5D24EE936}
		{2DB1F545-E8FA-471A-A652-3C1B511DAF13} = {2DB1F545-E8FA-471A-A652-3C1B511DAF13}
		{A05F6AFE-F591-42B8-967E-B85C13285F67} = {A05F6AFE-F591-42B8-967E-B85C13285F67}
	EndProjectSection
EndProject
Project("{2150E333-8FDC-42A3-9474-1A3956D46DE8}") = "jlehtine", "jlehtine", "{27366BD1-F6BA-44DE-8C29-0B1CDCDD77D8}"
EndProject
Project("{8BC9CEB8-8B4A-11D0-8D11-00A0C91BC942}") = "Multi_light", "..\..\..\..\Examples\Multi_light\Application\configs\platforms\win32\Multi_light.vcproj", "{FD13C213-FD2E-41B7-B08A-507E2A861160}"
	ProjectSection(ProjectDependencies) = postProject
		{2C30E615-E8A1-4337-A0A4-87608CA167E2} = {2C30E615-E8A1-4337-A0A4-87608CA167E2}
		{87008A20-7C32-478B-94F6-FFC5D24EE936} = {87008A20-7C32-478B-94F6-FFC5D24EE936}
		{2DB1F545-E8FA-471A-A652-3C1B511DAF13} = {2DB1F545-E8FA-471A-A652-3C1B511DAF13}
		{A05F6AFE-F591-42B8-967E-B85C13285F67} = {A05F6AFE-F591-42B8-967E-B85C13285F67}
	EndProjectSection
EndProject
Project("{8BC9CEB8-8B4A-11D0-8D11-00A0C91BC942}") = "app_base", "..\..\..\tests\backstage\tvolotin\app_base.vcproj", "{8DD397E1-78AF-483A-805D-E08F03F90A9D}"
	ProjectSection(ProjectDependencies) = postProject
		{2C30E615-E8A1-4337-A0A4-87608CA167E2} = {2C30E615-E8A1-4337-A0A4-87608CA167E2}
		{87008A20-7C32-478B-94F6-FFC5D24EE936} = {87008A20-7C32-478B-94F6-FFC5D24EE936}
		{2DB1F545-E8FA-471A-A652-3C1B511DAF13} = {2DB1F545-E8FA-471A-A652-3C1B511DAF13}
		{A05F6AFE-F591-42B8-967E-B85C13285F67} = {A05F6AFE-F591-42B8-967E-B85C13285F67}
	EndProjectSection
EndProject
Project("{8BC9CEB8-8B4A-11D0-8D11-00A0C91BC942}") = "Post_processing_glow", "..\..\..\..\Examples\Post_processing_glow\Application\configs\platforms\win32\Post_processing_glow.vcproj", "{D5A76A37-8CC6-46E1-9C4B-9ABF0A49B53F}"
	ProjectSection(ProjectDependencies) = postProject
		{2C30E615-E8A1-4337-A0A4-87608CA167E2} = {2C30E615-E8A1-4337-A0A4-87608CA167E2}
		{87008A20-7C32-478B-94F6-FFC5D24EE936} = {87008A20-7C32-478B-94F6-FFC5D24EE936}
		{2DB1F545-E8FA-471A-A652-3C1B511DAF13} = {2DB1F545-E8FA-471A-A652-3C1B511DAF13}
		{A05F6AFE-F591-42B8-967E-B85C13285F67} = {A05F6AFE-F591-42B8-967E-B85C13285F67}
	EndProjectSection
EndProject
Project("{8BC9CEB8-8B4A-11D0-8D11-00A0C91BC942}") = "Scene_manipulation", "..\..\..\..\Examples\Scene_manipulation\Application\configs\platforms\win32\Scene_manipulation.vcproj", "{7E1D91B6-FE35-4E90-BB52-FC6C6978005E}"
	ProjectSection(ProjectDependencies) = postProject
		{2C30E615-E8A1-4337-A0A4-87608CA167E2} = {2C30E615-E8A1-4337-A0A4-87608CA167E2}
		{87008A20-7C32-478B-94F6-FFC5D24EE936} = {87008A20-7C32-478B-94F6-FFC5D24EE936}
		{2DB1F545-E8FA-471A-A652-3C1B511DAF13} = {2DB1F545-E8FA-471A-A652-3C1B511DAF13}
		{A05F6AFE-F591-42B8-967E-B85C13285F67} = {A05F6AFE-F591-42B8-967E-B85C13285F67}
	EndProjectSection
EndProject
Project("{8BC9CEB8-8B4A-11D0-8D11-00A0C91BC942}") = "Load_scene", "..\..\..\..\Examples\Load_scene\Application\configs\platforms\win32\Load_scene.vcproj", "{F52DD5CA-A8AC-4AE7-BB56-064858076247}"
	ProjectSection(ProjectDependencies) = postProject
		{2C30E615-E8A1-4337-A0A4-87608CA167E2} = {2C30E615-E8A1-4337-A0A4-87608CA167E2}
		{87008A20-7C32-478B-94F6-FFC5D24EE936} = {87008A20-7C32-478B-94F6-FFC5D24EE936}
		{2DB1F545-E8FA-471A-A652-3C1B511DAF13} = {2DB1F545-E8FA-471A-A652-3C1B511DAF13}
		{A05F6AFE-F591-42B8-967E-B85C13285F67} = {A05F6AFE-F591-42B8-967E-B85C13285F67}
	EndProjectSection
EndProject
Project("{2150E333-8FDC-42A3-9474-1A3956D46DE8}") = "jtakalai", "jtakalai", "{987022E0-E222-42E7-8E26-9B024A4D7761}"
EndProject
Project("{8BC9CEB8-8B4A-11D0-8D11-00A0C91BC942}") = "filetest", "..\..\..\tests\backstage\jtakalai\filetest.vcproj", "{51DB52F8-D5F1-4DE3-8333-14D0BC63F759}"
	ProjectSection(ProjectDependencies) = postProject
		{87008A20-7C32-478B-94F6-FFC5D24EE936} = {87008A20-7C32-478B-94F6-FFC5D24EE936}
		{2DB1F545-E8FA-471A-A652-3C1B511DAF13} = {2DB1F545-E8FA-471A-A652-3C1B511DAF13}
		{A05F6AFE-F591-42B8-967E-B85C13285F67} = {A05F6AFE-F591-42B8-967E-B85C13285F67}
	EndProjectSection
EndProject
Project("{8BC9CEB8-8B4A-11D0-8D11-00A0C91BC942}") = "font_test", "..\..\..\tests\backstage\msell\font_test.vcproj", "{9DE365AF-84BD-4907-ABC7-5D0FF29A1A44}"
	ProjectSection(ProjectDependencies) = postProject
		{2C30E615-E8A1-4337-A0A4-87608CA167E2} = {2C30E615-E8A1-4337-A0A4-87608CA167E2}
		{87008A20-7C32-478B-94F6-FFC5D24EE936} = {87008A20-7C32-478B-94F6-FFC5D24EE936}
		{2DB1F545-E8FA-471A-A652-3C1B511DAF13} = {2DB1F545-E8FA-471A-A652-3C1B511DAF13}
		{A05F6AFE-F591-42B8-967E-B85C13285F67} = {A05F6AFE-F591-42B8-967E-B85C13285F67}
	EndProjectSection
EndProject
Project("{8BC9CEB8-8B4A-11D0-8D11-00A0C91BC942}") = "java_wrapper", "java_wrapper\java_wrapper.vcproj", "{2A16AB5D-65CA-419F-BF94-BF4F10557951}"
	ProjectSection(ProjectDependencies) = postProject
		{2C30E615-E8A1-4337-A0A4-87608CA167E2} = {2C30E615-E8A1-4337-A0A4-87608CA167E2}
		{87008A20-7C32-478B-94F6-FFC5D24EE936} = {87008A20-7C32-478B-94F6-FFC5D24EE936}
		{2DB1F545-E8FA-471A-A652-3C1B511DAF13} = {2DB1F545-E8FA-471A-A652-3C1B511DAF13}
		{A05F6AFE-F591-42B8-967E-B85C13285F67} = {A05F6AFE-F591-42B8-967E-B85C13285F67}
	EndProjectSection
EndProject
Project("{8BC9CEB8-8B4A-11D0-8D11-00A0C91BC942}") = "AnimUI", "..\..\..\..\Examples\AnimUI\Application\configs\platforms\win32\AnimUI.vcproj", "{50EEF913-DD6F-4595-85E1-14B83F901E41}"
	ProjectSection(ProjectDependencies) = postProject
		{2C30E615-E8A1-4337-A0A4-87608CA167E2} = {2C30E615-E8A1-4337-A0A4-87608CA167E2}
		{87008A20-7C32-478B-94F6-FFC5D24EE936} = {87008A20-7C32-478B-94F6-FFC5D24EE936}
		{2DB1F545-E8FA-471A-A652-3C1B511DAF13} = {2DB1F545-E8FA-471A-A652-3C1B511DAF13}
		{A05F6AFE-F591-42B8-967E-B85C13285F67} = {A05F6AFE-F591-42B8-967E-B85C13285F67}
	EndProjectSection
EndProject
Project("{8BC9CEB8-8B4A-11D0-8D11-00A0C91BC942}") = "cppunit_tests", "cppunit_tests.vcproj", "{734F3257-0F31-4277-91D3-2D275DB0D012}"
	ProjectSection(ProjectDependencies) = postProject
		{87008A20-7C32-478B-94F6-FFC5D24EE936} = {87008A20-7C32-478B-94F6-FFC5D24EE936}
		{2DB1F545-E8FA-471A-A652-3C1B511DAF13} = {2DB1F545-E8FA-471A-A652-3C1B511DAF13}
		{A05F6AFE-F591-42B8-967E-B85C13285F67} = {A05F6AFE-F591-42B8-967E-B85C13285F67}
	EndProjectSection
EndProject
Project("{8BC9CEB8-8B4A-11D0-8D11-00A0C91BC942}") = "Shader_material", "..\..\..\..\Examples\Shader_material\Application\configs\platforms\win32\Shader_material.vcproj", "{4D15707F-5017-457B-8FD0-9706FCB86F4E}"
	ProjectSection(ProjectDependencies) = postProject
		{2C30E615-E8A1-4337-A0A4-87608CA167E2} = {2C30E615-E8A1-4337-A0A4-87608CA167E2}
		{87008A20-7C32-478B-94F6-FFC5D24EE936} = {87008A20-7C32-478B-94F6-FFC5D24EE936}
		{2DB1F545-E8FA-471A-A652-3C1B511DAF13} = {2DB1F545-E8FA-471A-A652-3C1B511DAF13}
		{A05F6AFE-F591-42B8-967E-B85C13285F67} = {A05F6AFE-F591-42B8-967E-B85C13285F67}
	EndProjectSection
EndProject
Project("{8BC9CEB8-8B4A-11D0-8D11-00A0C91BC942}") = "lua_wrapper", "lua_wrapper.vcproj", "{D5029AB4-9494-4EA8-B77D-DB1F442254F7}"
EndProject
Project("{8BC9CEB8-8B4A-11D0-8D11-00A0C91BC942}") = "Screenshot_test", "..\..\..\tests\backstage\llatvala\Screenshot_test.vcproj", "{070B23E5-AB93-44BC-9744-E9C5393A406D}"
	ProjectSection(ProjectDependencies) = postProject
		{2C30E615-E8A1-4337-A0A4-87608CA167E2} = {2C30E615-E8A1-4337-A0A4-87608CA167E2}
		{87008A20-7C32-478B-94F6-FFC5D24EE936} = {87008A20-7C32-478B-94F6-FFC5D24EE936}
		{2DB1F545-E8FA-471A-A652-3C1B511DAF13} = {2DB1F545-E8FA-471A-A652-3C1B511DAF13}
		{A05F6AFE-F591-42B8-967E-B85C13285F67} = {A05F6AFE-F591-42B8-967E-B85C13285F67}
	EndProjectSection
EndProject
Project("{2150E333-8FDC-42A3-9474-1A3956D46DE8}") = "llatvala", "llatvala", "{A93869EA-F21C-4565-B26C-40D99E46F6A0}"
EndProject
Project("{8BC9CEB8-8B4A-11D0-8D11-00A0C91BC942}") = "kzb_player", "kzb_player.vcproj", "{7FF2B000-B177-4CFA-AD96-F42305E37521}"
	ProjectSection(ProjectDependencies) = postProject
		{2C30E615-E8A1-4337-A0A4-87608CA167E2} = {2C30E615-E8A1-4337-A0A4-87608CA167E2}
		{87008A20-7C32-478B-94F6-FFC5D24EE936} = {87008A20-7C32-478B-94F6-FFC5D24EE936}
		{2DB1F545-E8FA-471A-A652-3C1B511DAF13} = {2DB1F545-E8FA-471A-A652-3C1B511DAF13}
		{A05F6AFE-F591-42B8-967E-B85C13285F67} = {A05F6AFE-F591-42B8-967E-B85C13285F67}
	EndProjectSection
EndProject
Project("{8BC9CEB8-8B4A-11D0-8D11-00A0C91BC942}") = "GizmoTest", "..\..\..\tests\backstage\avlasov\GizmoTest\Application\configs\platforms\win32\GizmoTest.vcproj", "{984A9294-A24F-4646-B05F-D93AA740CC71}"
	ProjectSection(ProjectDependencies) = postProject
		{2C30E615-E8A1-4337-A0A4-87608CA167E2} = {2C30E615-E8A1-4337-A0A4-87608CA167E2}
		{87008A20-7C32-478B-94F6-FFC5D24EE936} = {87008A20-7C32-478B-94F6-FFC5D24EE936}
		{2DB1F545-E8FA-471A-A652-3C1B511DAF13} = {2DB1F545-E8FA-471A-A652-3C1B511DAF13}
		{D5029AB4-9494-4EA8-B77D-DB1F442254F7} = {D5029AB4-9494-4EA8-B77D-DB1F442254F7}
		{A05F6AFE-F591-42B8-967E-B85C13285F67} = {A05F6AFE-F591-42B8-967E-B85C13285F67}
	EndProjectSection
EndProject
Project("{8BC9CEB8-8B4A-11D0-8D11-00A0C91BC942}") = "LayoutTest", "..\..\..\tests\backstage\avlasov\LayoutTest\Application\configs\platforms\win32\LayoutTest.vcproj", "{1C20EC19-297A-47FE-8340-01C22DE85B00}"
	ProjectSection(ProjectDependencies) = postProject
		{2C30E615-E8A1-4337-A0A4-87608CA167E2} = {2C30E615-E8A1-4337-A0A4-87608CA167E2}
		{87008A20-7C32-478B-94F6-FFC5D24EE936} = {87008A20-7C32-478B-94F6-FFC5D24EE936}
		{2DB1F545-E8FA-471A-A652-3C1B511DAF13} = {2DB1F545-E8FA-471A-A652-3C1B511DAF13}
		{A05F6AFE-F591-42B8-967E-B85C13285F67} = {A05F6AFE-F591-42B8-967E-B85C13285F67}
	EndProjectSection
EndProject
Project("{8BC9CEB8-8B4A-11D0-8D11-00A0C91BC942}") = "Custom_Framework", "..\..\..\..\Examples\Custom_Framework\Application\configs\platforms\win32\Custom_Framework.vcproj", "{33C3A851-25FD-47C8-AA28-868D12CEC07E}"
	ProjectSection(ProjectDependencies) = postProject
		{87008A20-7C32-478B-94F6-FFC5D24EE936} = {87008A20-7C32-478B-94F6-FFC5D24EE936}
		{2DB1F545-E8FA-471A-A652-3C1B511DAF13} = {2DB1F545-E8FA-471A-A652-3C1B511DAF13}
		{A05F6AFE-F591-42B8-967E-B85C13285F67} = {A05F6AFE-F591-42B8-967E-B85C13285F67}
	EndProjectSection
EndProject
Project("{8BC9CEB8-8B4A-11D0-8D11-00A0C91BC942}") = "Custom_Toolmodule", "..\..\..\..\Examples\Custom_Toolmodule\Application\configs\platforms\win32\Custom_Toolmodule.vcproj", "{9ECEC65E-988E-44FA-B1C0-7C9681F199ED}"
	ProjectSection(ProjectDependencies) = postProject
		{2C30E615-E8A1-4337-A0A4-87608CA167E2} = {2C30E615-E8A1-4337-A0A4-87608CA167E2}
		{87008A20-7C32-478B-94F6-FFC5D24EE936} = {87008A20-7C32-478B-94F6-FFC5D24EE936}
		{2DB1F545-E8FA-471A-A652-3C1B511DAF13} = {2DB1F545-E8FA-471A-A652-3C1B511DAF13}
		{A05F6AFE-F591-42B8-967E-B85C13285F67} = {A05F6AFE-F591-42B8-967E-B85C13285F67}
	EndProjectSection
EndProject
Project("{8BC9CEB8-8B4A-11D0-8D11-00A0C91BC942}") = "UIApplicationActions", "..\..\..\..\Examples\UIApplicationActions\Application\configs\platforms\win32\UIApplicationActions.vcproj", "{F798A83C-9AFE-44DD-8A10-C6F03D4692BD}"
	ProjectSection(ProjectDependencies) = postProject
		{2C30E615-E8A1-4337-A0A4-87608CA167E2} = {2C30E615-E8A1-4337-A0A4-87608CA167E2}
		{87008A20-7C32-478B-94F6-FFC5D24EE936} = {87008A20-7C32-478B-94F6-FFC5D24EE936}
		{2DB1F545-E8FA-471A-A652-3C1B511DAF13} = {2DB1F545-E8FA-471A-A652-3C1B511DAF13}
		{D5029AB4-9494-4EA8-B77D-DB1F442254F7} = {D5029AB4-9494-4EA8-B77D-DB1F442254F7}
		{A05F6AFE-F591-42B8-967E-B85C13285F67} = {A05F6AFE-F591-42B8-967E-B85C13285F67}
	EndProjectSection
EndProject
Project("{8BC9CEB8-8B4A-11D0-8D11-00A0C91BC942}") = "UIApplicationActions_tool_module", "..\..\..\..\Examples\UIApplicationActions\Application\configs\platforms\win32\UIApplicationActions_tool_module.vcproj", "{B6D20DA8-0F38-4B90-B3E3-72A05B5006C3}"
	ProjectSection(ProjectDependencies) = postProject
		{F798A83C-9AFE-44DD-8A10-C6F03D4692BD} = {F798A83C-9AFE-44DD-8A10-C6F03D4692BD}
	EndProjectSection
EndProject
Project("{8BC9CEB8-8B4A-11D0-8D11-00A0C91BC942}") = "UIApplicationActions_executable", "..\..\..\..\Examples\UIApplicationActions\Application\configs\platforms\win32\UIApplicationActions_executable.vcproj", "{F3B6FF5A-9A41-4EA2-A03C-83F1E0C8590C}"
	ProjectSection(ProjectDependencies) = postProject
		{F798A83C-9AFE-44DD-8A10-C6F03D4692BD} = {F798A83C-9AFE-44DD-8A10-C6F03D4692BD}
	EndProjectSection
EndProject
Project("{2150E333-8FDC-42A3-9474-1A3956D46DE8}") = "UIApplicationAction", "UIApplicationAction", "{146E724A-73D5-42A6-AF59-0F4B6E426F9F}"
EndProject
Project("{8BC9CEB8-8B4A-11D0-8D11-00A0C91BC942}") = "UIComponentCreation", "..\..\..\..\Examples\UIComponentCreation\Application\configs\platforms\win32\UIComponentCreation.vcproj", "{931A8A44-4096-4D6C-AAE0-E78075B83CAE}"
	ProjectSection(ProjectDependencies) = postProject
		{2C30E615-E8A1-4337-A0A4-87608CA167E2} = {2C30E615-E8A1-4337-A0A4-87608CA167E2}
		{87008A20-7C32-478B-94F6-FFC5D24EE936} = {87008A20-7C32-478B-94F6-FFC5D24EE936}
		{2DB1F545-E8FA-471A-A652-3C1B511DAF13} = {2DB1F545-E8FA-471A-A652-3C1B511DAF13}
		{A05F6AFE-F591-42B8-967E-B85C13285F67} = {A05F6AFE-F591-42B8-967E-B85C13285F67}
	EndProjectSection
EndProject
Project("{2150E333-8FDC-42A3-9474-1A3956D46DE8}") = "tvirolai", "tvirolai", "{6CB24255-6645-46B1-861A-1A1E391B8D65}"
EndProject
Project("{8BC9CEB8-8B4A-11D0-8D11-00A0C91BC942}") = "backstage_tvirolai", "..\..\..\tests\backstage\tvirolai\backstage_tvirolai.vcproj", "{DC203BEB-7122-47B7-A710-D7046D28FC6B}"
	ProjectSection(ProjectDependencies) = postProject
		{2C30E615-E8A1-4337-A0A4-87608CA167E2} = {2C30E615-E8A1-4337-A0A4-87608CA167E2}
		{87008A20-7C32-478B-94F6-FFC5D24EE936} = {87008A20-7C32-478B-94F6-FFC5D24EE936}
		{2DB1F545-E8FA-471A-A652-3C1B511DAF13} = {2DB1F545-E8FA-471A-A652-3C1B511DAF13}
		{A05F6AFE-F591-42B8-967E-B85C13285F67} = {A05F6AFE-F591-42B8-967E-B85C13285F67}
	EndProjectSection
EndProject
Project("{2150E333-8FDC-42A3-9474-1A3956D46DE8}") = "tkilappa", "tkilappa", "{CBCA9AF5-A9CC-402E-8AA8-57BABDB0A9AA}"
EndProject
Project("{8BC9CEB8-8B4A-11D0-8D11-00A0C91BC942}") = "backstage_tkilappa", "..\..\..\tests\backstage\tkilappa\backstage_tkilappa.vcproj", "{593ED52E-4DFE-4D5D-954F-27022CBAD6C2}"
	ProjectSection(ProjectDependencies) = postProject
		{2C30E615-E8A1-4337-A0A4-87608CA167E2} = {2C30E615-E8A1-4337-A0A4-87608CA167E2}
		{87008A20-7C32-478B-94F6-FFC5D24EE936} = {87008A20-7C32-478B-94F6-FFC5D24EE936}
		{2DB1F545-E8FA-471A-A652-3C1B511DAF13} = {2DB1F545-E8FA-471A-A652-3C1B511DAF13}
		{A05F6AFE-F591-42B8-967E-B85C13285F67} = {A05F6AFE-F591-42B8-967E-B85C13285F67}
	EndProjectSection
EndProject
Project("{8BC9CEB8-8B4A-11D0-8D11-00A0C91BC942}") = "Layout", "..\..\..\..\Examples\Layout\Application\configs\platforms\win32\Layout.vcproj", "{DF93628F-AA88-4646-8CF4-DA27092949D7}"
	ProjectSection(ProjectDependencies) = postProject
		{2C30E615-E8A1-4337-A0A4-87608CA167E2} = {2C30E615-E8A1-4337-A0A4-87608CA167E2}
		{87008A20-7C32-478B-94F6-FFC5D24EE936} = {87008A20-7C32-478B-94F6-FFC5D24EE936}
		{2DB1F545-E8FA-471A-A652-3C1B511DAF13} = {2DB1F545-E8FA-471A-A652-3C1B511DAF13}
		{A05F6AFE-F591-42B8-967E-B85C13285F67} = {A05F6AFE-F591-42B8-967E-B85C13285F67}
	EndProjectSection
EndProject
Global
	GlobalSection(SolutionConfigurationPlatforms) = preSolution
		Debug|Win32 = Debug|Win32
		ES1_IMG_Debug|Win32 = ES1_IMG_Debug|Win32
		ES1_IMG_Release|Win32 = ES1_IMG_Release|Win32
		ES2_IMG_Debug|Win32 = ES2_IMG_Debug|Win32
		ES2_IMG_Release|Win32 = ES2_IMG_Release|Win32
		GL_21_Debug|Win32 = GL_21_Debug|Win32
		GL_21_Release|Win32 = GL_21_Release|Win32
		GL_32_Release|Win32 = GL_32_Release|Win32
		OpenVG_RI_Release|Win32 = OpenVG_RI_Release|Win32
		Release|Win32 = Release|Win32
	EndGlobalSection
	GlobalSection(ProjectConfigurationPlatforms) = postSolution
		{2DB1F545-E8FA-471A-A652-3C1B511DAF13}.Debug|Win32.ActiveCfg = Debug|Win32
		{2DB1F545-E8FA-471A-A652-3C1B511DAF13}.Debug|Win32.Build.0 = Debug|Win32
		{2DB1F545-E8FA-471A-A652-3C1B511DAF13}.ES1_IMG_Debug|Win32.ActiveCfg = ES1_IMG_Debug|Win32
		{2DB1F545-E8FA-471A-A652-3C1B511DAF13}.ES1_IMG_Debug|Win32.Build.0 = ES1_IMG_Debug|Win32
		{2DB1F545-E8FA-471A-A652-3C1B511DAF13}.ES1_IMG_Release|Win32.ActiveCfg = ES1_IMG_Release|Win32
		{2DB1F545-E8FA-471A-A652-3C1B511DAF13}.ES1_IMG_Release|Win32.Build.0 = ES1_IMG_Release|Win32
		{2DB1F545-E8FA-471A-A652-3C1B511DAF13}.ES2_IMG_Debug|Win32.ActiveCfg = ES2_IMG_Debug|Win32
		{2DB1F545-E8FA-471A-A652-3C1B511DAF13}.ES2_IMG_Debug|Win32.Build.0 = ES2_IMG_Debug|Win32
		{2DB1F545-E8FA-471A-A652-3C1B511DAF13}.ES2_IMG_Release|Win32.ActiveCfg = ES2_IMG_Release|Win32
		{2DB1F545-E8FA-471A-A652-3C1B511DAF13}.ES2_IMG_Release|Win32.Build.0 = ES2_IMG_Release|Win32
		{2DB1F545-E8FA-471A-A652-3C1B511DAF13}.GL_21_Debug|Win32.ActiveCfg = GL_21_Debug|Win32
		{2DB1F545-E8FA-471A-A652-3C1B511DAF13}.GL_21_Debug|Win32.Build.0 = GL_21_Debug|Win32
		{2DB1F545-E8FA-471A-A652-3C1B511DAF13}.GL_21_Release|Win32.ActiveCfg = GL_21_Release|Win32
		{2DB1F545-E8FA-471A-A652-3C1B511DAF13}.GL_21_Release|Win32.Build.0 = GL_21_Release|Win32
		{2DB1F545-E8FA-471A-A652-3C1B511DAF13}.GL_32_Release|Win32.ActiveCfg = Release|Win32
		{2DB1F545-E8FA-471A-A652-3C1B511DAF13}.GL_32_Release|Win32.Build.0 = Release|Win32
		{2DB1F545-E8FA-471A-A652-3C1B511DAF13}.OpenVG_RI_Release|Win32.ActiveCfg = OpenVG_RI_Release|Win32
		{2DB1F545-E8FA-471A-A652-3C1B511DAF13}.OpenVG_RI_Release|Win32.Build.0 = OpenVG_RI_Release|Win32
		{2DB1F545-E8FA-471A-A652-3C1B511DAF13}.Release|Win32.ActiveCfg = Release|Win32
		{2DB1F545-E8FA-471A-A652-3C1B511DAF13}.Release|Win32.Build.0 = Release|Win32
		{A05F6AFE-F591-42B8-967E-B85C13285F67}.Debug|Win32.ActiveCfg = Debug|Win32
		{A05F6AFE-F591-42B8-967E-B85C13285F67}.Debug|Win32.Build.0 = Debug|Win32
		{A05F6AFE-F591-42B8-967E-B85C13285F67}.ES1_IMG_Debug|Win32.ActiveCfg = ES1_IMG_Debug|Win32
		{A05F6AFE-F591-42B8-967E-B85C13285F67}.ES1_IMG_Debug|Win32.Build.0 = ES1_IMG_Debug|Win32
		{A05F6AFE-F591-42B8-967E-B85C13285F67}.ES1_IMG_Release|Win32.ActiveCfg = ES1_IMG_Release|Win32
		{A05F6AFE-F591-42B8-967E-B85C13285F67}.ES1_IMG_Release|Win32.Build.0 = ES1_IMG_Release|Win32
		{A05F6AFE-F591-42B8-967E-B85C13285F67}.ES2_IMG_Debug|Win32.ActiveCfg = ES2_IMG_Debug|Win32
		{A05F6AFE-F591-42B8-967E-B85C13285F67}.ES2_IMG_Debug|Win32.Build.0 = ES2_IMG_Debug|Win32
		{A05F6AFE-F591-42B8-967E-B85C13285F67}.ES2_IMG_Release|Win32.ActiveCfg = ES2_IMG_Release|Win32
		{A05F6AFE-F591-42B8-967E-B85C13285F67}.ES2_IMG_Release|Win32.Build.0 = ES2_IMG_Release|Win32
		{A05F6AFE-F591-42B8-967E-B85C13285F67}.GL_21_Debug|Win32.ActiveCfg = GL_21_Debug|Win32
		{A05F6AFE-F591-42B8-967E-B85C13285F67}.GL_21_Debug|Win32.Build.0 = GL_21_Debug|Win32
		{A05F6AFE-F591-42B8-967E-B85C13285F67}.GL_21_Release|Win32.ActiveCfg = GL_21_Release|Win32
		{A05F6AFE-F591-42B8-967E-B85C13285F67}.GL_21_Release|Win32.Build.0 = GL_21_Release|Win32
		{A05F6AFE-F591-42B8-967E-B85C13285F67}.GL_32_Release|Win32.ActiveCfg = Release|Win32
		{A05F6AFE-F591-42B8-967E-B85C13285F67}.GL_32_Release|Win32.Build.0 = Release|Win32
		{A05F6AFE-F591-42B8-967E-B85C13285F67}.OpenVG_RI_Release|Win32.ActiveCfg = OpenVG_RI_Release|Win32
		{A05F6AFE-F591-42B8-967E-B85C13285F67}.OpenVG_RI_Release|Win32.Build.0 = OpenVG_RI_Release|Win32
		{A05F6AFE-F591-42B8-967E-B85C13285F67}.Release|Win32.ActiveCfg = Release|Win32
		{A05F6AFE-F591-42B8-967E-B85C13285F67}.Release|Win32.Build.0 = Release|Win32
		{87008A20-7C32-478B-94F6-FFC5D24EE936}.Debug|Win32.ActiveCfg = Debug|Win32
		{87008A20-7C32-478B-94F6-FFC5D24EE936}.Debug|Win32.Build.0 = Debug|Win32
		{87008A20-7C32-478B-94F6-FFC5D24EE936}.ES1_IMG_Debug|Win32.ActiveCfg = ES1_IMG_Debug|Win32
		{87008A20-7C32-478B-94F6-FFC5D24EE936}.ES1_IMG_Debug|Win32.Build.0 = ES1_IMG_Debug|Win32
		{87008A20-7C32-478B-94F6-FFC5D24EE936}.ES1_IMG_Release|Win32.ActiveCfg = ES1_IMG_Release|Win32
		{87008A20-7C32-478B-94F6-FFC5D24EE936}.ES1_IMG_Release|Win32.Build.0 = ES1_IMG_Release|Win32
		{87008A20-7C32-478B-94F6-FFC5D24EE936}.ES2_IMG_Debug|Win32.ActiveCfg = ES2_IMG_Debug|Win32
		{87008A20-7C32-478B-94F6-FFC5D24EE936}.ES2_IMG_Debug|Win32.Build.0 = ES2_IMG_Debug|Win32
		{87008A20-7C32-478B-94F6-FFC5D24EE936}.ES2_IMG_Release|Win32.ActiveCfg = ES2_IMG_Release|Win32
		{87008A20-7C32-478B-94F6-FFC5D24EE936}.ES2_IMG_Release|Win32.Build.0 = ES2_IMG_Release|Win32
		{87008A20-7C32-478B-94F6-FFC5D24EE936}.GL_21_Debug|Win32.ActiveCfg = GL_21_Debug|Win32
		{87008A20-7C32-478B-94F6-FFC5D24EE936}.GL_21_Debug|Win32.Build.0 = GL_21_Debug|Win32
		{87008A20-7C32-478B-94F6-FFC5D24EE936}.GL_21_Release|Win32.ActiveCfg = GL_21_Release|Win32
		{87008A20-7C32-478B-94F6-FFC5D24EE936}.GL_21_Release|Win32.Build.0 = GL_21_Release|Win32
		{87008A20-7C32-478B-94F6-FFC5D24EE936}.GL_32_Release|Win32.ActiveCfg = Release|Win32
		{87008A20-7C32-478B-94F6-FFC5D24EE936}.GL_32_Release|Win32.Build.0 = Release|Win32
		{87008A20-7C32-478B-94F6-FFC5D24EE936}.OpenVG_RI_Release|Win32.ActiveCfg = OpenVG_RI_Release|Win32
		{87008A20-7C32-478B-94F6-FFC5D24EE936}.OpenVG_RI_Release|Win32.Build.0 = OpenVG_RI_Release|Win32
		{87008A20-7C32-478B-94F6-FFC5D24EE936}.Release|Win32.ActiveCfg = Release|Win32
		{87008A20-7C32-478B-94F6-FFC5D24EE936}.Release|Win32.Build.0 = Release|Win32
		{2C30E615-E8A1-4337-A0A4-87608CA167E2}.Debug|Win32.ActiveCfg = Debug|Win32
		{2C30E615-E8A1-4337-A0A4-87608CA167E2}.Debug|Win32.Build.0 = Debug|Win32
		{2C30E615-E8A1-4337-A0A4-87608CA167E2}.ES1_IMG_Debug|Win32.ActiveCfg = ES1_IMG_Debug|Win32
		{2C30E615-E8A1-4337-A0A4-87608CA167E2}.ES1_IMG_Debug|Win32.Build.0 = ES1_IMG_Debug|Win32
		{2C30E615-E8A1-4337-A0A4-87608CA167E2}.ES1_IMG_Release|Win32.ActiveCfg = ES1_IMG_Release|Win32
		{2C30E615-E8A1-4337-A0A4-87608CA167E2}.ES1_IMG_Release|Win32.Build.0 = ES1_IMG_Release|Win32
		{2C30E615-E8A1-4337-A0A4-87608CA167E2}.ES2_IMG_Debug|Win32.ActiveCfg = ES2_IMG_Debug|Win32
		{2C30E615-E8A1-4337-A0A4-87608CA167E2}.ES2_IMG_Debug|Win32.Build.0 = ES2_IMG_Debug|Win32
		{2C30E615-E8A1-4337-A0A4-87608CA167E2}.ES2_IMG_Release|Win32.ActiveCfg = ES2_IMG_Release|Win32
		{2C30E615-E8A1-4337-A0A4-87608CA167E2}.ES2_IMG_Release|Win32.Build.0 = ES2_IMG_Release|Win32
		{2C30E615-E8A1-4337-A0A4-87608CA167E2}.GL_21_Debug|Win32.ActiveCfg = GL_21_Debug|Win32
		{2C30E615-E8A1-4337-A0A4-87608CA167E2}.GL_21_Debug|Win32.Build.0 = GL_21_Debug|Win32
		{2C30E615-E8A1-4337-A0A4-87608CA167E2}.GL_21_Release|Win32.ActiveCfg = GL_21_Release|Win32
		{2C30E615-E8A1-4337-A0A4-87608CA167E2}.GL_21_Release|Win32.Build.0 = GL_21_Release|Win32
		{2C30E615-E8A1-4337-A0A4-87608CA167E2}.GL_32_Release|Win32.ActiveCfg = Release|Win32
		{2C30E615-E8A1-4337-A0A4-87608CA167E2}.GL_32_Release|Win32.Build.0 = Release|Win32
		{2C30E615-E8A1-4337-A0A4-87608CA167E2}.OpenVG_RI_Release|Win32.ActiveCfg = OpenVG_RI_Release|Win32
		{2C30E615-E8A1-4337-A0A4-87608CA167E2}.OpenVG_RI_Release|Win32.Build.0 = OpenVG_RI_Release|Win32
		{2C30E615-E8A1-4337-A0A4-87608CA167E2}.Release|Win32.ActiveCfg = Release|Win32
		{2C30E615-E8A1-4337-A0A4-87608CA167E2}.Release|Win32.Build.0 = Release|Win32
		{8A4C5008-975D-4F72-A37F-8A9F4E9809F8}.Debug|Win32.ActiveCfg = Debug|Win32
		{8A4C5008-975D-4F72-A37F-8A9F4E9809F8}.Debug|Win32.Build.0 = Debug|Win32
		{8A4C5008-975D-4F72-A37F-8A9F4E9809F8}.ES1_IMG_Debug|Win32.ActiveCfg = ES1_IMG_Debug|Win32
		{8A4C5008-975D-4F72-A37F-8A9F4E9809F8}.ES1_IMG_Release|Win32.ActiveCfg = ES1_IMG_Release|Win32
		{8A4C5008-975D-4F72-A37F-8A9F4E9809F8}.ES2_IMG_Debug|Win32.ActiveCfg = ES2_IMG_Debug|Win32
		{8A4C5008-975D-4F72-A37F-8A9F4E9809F8}.ES2_IMG_Release|Win32.ActiveCfg = ES2_IMG_Release|Win32
		{8A4C5008-975D-4F72-A37F-8A9F4E9809F8}.GL_21_Debug|Win32.ActiveCfg = GL_21_Debug|Win32
		{8A4C5008-975D-4F72-A37F-8A9F4E9809F8}.GL_21_Release|Win32.ActiveCfg = GL_21_Release|Win32
		{8A4C5008-975D-4F72-A37F-8A9F4E9809F8}.GL_32_Release|Win32.ActiveCfg = Release|Win32
		{8A4C5008-975D-4F72-A37F-8A9F4E9809F8}.GL_32_Release|Win32.Build.0 = Release|Win32
		{8A4C5008-975D-4F72-A37F-8A9F4E9809F8}.OpenVG_RI_Release|Win32.ActiveCfg = Release|Win32
		{8A4C5008-975D-4F72-A37F-8A9F4E9809F8}.OpenVG_RI_Release|Win32.Build.0 = Release|Win32
		{8A4C5008-975D-4F72-A37F-8A9F4E9809F8}.Release|Win32.ActiveCfg = Release|Win32
		{8A4C5008-975D-4F72-A37F-8A9F4E9809F8}.Release|Win32.Build.0 = Release|Win32
		{35DAA9DC-9EB1-4774-930F-56191E839573}.Debug|Win32.ActiveCfg = Debug|Win32
		{35DAA9DC-9EB1-4774-930F-56191E839573}.Debug|Win32.Build.0 = Debug|Win32
		{35DAA9DC-9EB1-4774-930F-56191E839573}.ES1_IMG_Debug|Win32.ActiveCfg = ES1_IMG_Debug|Win32
		{35DAA9DC-9EB1-4774-930F-56191E839573}.ES1_IMG_Debug|Win32.Build.0 = ES1_IMG_Debug|Win32
		{35DAA9DC-9EB1-4774-930F-56191E839573}.ES1_IMG_Release|Win32.ActiveCfg = ES1_IMG_Release|Win32
		{35DAA9DC-9EB1-4774-930F-56191E839573}.ES1_IMG_Release|Win32.Build.0 = ES1_IMG_Release|Win32
		{35DAA9DC-9EB1-4774-930F-56191E839573}.ES2_IMG_Debug|Win32.ActiveCfg = ES2_IMG_Debug|Win32
		{35DAA9DC-9EB1-4774-930F-56191E839573}.ES2_IMG_Debug|Win32.Build.0 = ES2_IMG_Debug|Win32
		{35DAA9DC-9EB1-4774-930F-56191E839573}.ES2_IMG_Release|Win32.ActiveCfg = ES2_IMG_Release|Win32
		{35DAA9DC-9EB1-4774-930F-56191E839573}.ES2_IMG_Release|Win32.Build.0 = ES2_IMG_Release|Win32
		{35DAA9DC-9EB1-4774-930F-56191E839573}.GL_21_Debug|Win32.ActiveCfg = GL_21_Debug|Win32
		{35DAA9DC-9EB1-4774-930F-56191E839573}.GL_21_Debug|Win32.Build.0 = GL_21_Debug|Win32
		{35DAA9DC-9EB1-4774-930F-56191E839573}.GL_21_Release|Win32.ActiveCfg = GL_21_Release|Win32
		{35DAA9DC-9EB1-4774-930F-56191E839573}.GL_21_Release|Win32.Build.0 = GL_21_Release|Win32
		{35DAA9DC-9EB1-4774-930F-56191E839573}.GL_32_Release|Win32.ActiveCfg = Release|Win32
		{35DAA9DC-9EB1-4774-930F-56191E839573}.GL_32_Release|Win32.Build.0 = Release|Win32
		{35DAA9DC-9EB1-4774-930F-56191E839573}.OpenVG_RI_Release|Win32.ActiveCfg = Release|Win32
		{35DAA9DC-9EB1-4774-930F-56191E839573}.OpenVG_RI_Release|Win32.Build.0 = Release|Win32
		{35DAA9DC-9EB1-4774-930F-56191E839573}.Release|Win32.ActiveCfg = Release|Win32
		{35DAA9DC-9EB1-4774-930F-56191E839573}.Release|Win32.Build.0 = Release|Win32
		{0DC8C279-EE44-4149-89DB-C72219C99917}.Debug|Win32.ActiveCfg = ES2_IMG_Debug|Win32
		{0DC8C279-EE44-4149-89DB-C72219C99917}.ES1_IMG_Debug|Win32.ActiveCfg = ES2_IMG_Debug|Win32
		{0DC8C279-EE44-4149-89DB-C72219C99917}.ES1_IMG_Release|Win32.ActiveCfg = ES2_IMG_Release|Win32
		{0DC8C279-EE44-4149-89DB-C72219C99917}.ES2_IMG_Debug|Win32.ActiveCfg = ES2_IMG_Debug|Win32
		{0DC8C279-EE44-4149-89DB-C72219C99917}.ES2_IMG_Debug|Win32.Build.0 = ES2_IMG_Debug|Win32
		{0DC8C279-EE44-4149-89DB-C72219C99917}.ES2_IMG_Release|Win32.ActiveCfg = ES2_IMG_Release|Win32
		{0DC8C279-EE44-4149-89DB-C72219C99917}.ES2_IMG_Release|Win32.Build.0 = ES2_IMG_Release|Win32
		{0DC8C279-EE44-4149-89DB-C72219C99917}.GL_21_Debug|Win32.ActiveCfg = GL_21_Debug|Win32
		{0DC8C279-EE44-4149-89DB-C72219C99917}.GL_21_Debug|Win32.Build.0 = GL_21_Debug|Win32
		{0DC8C279-EE44-4149-89DB-C72219C99917}.GL_21_Release|Win32.ActiveCfg = GL_21_Release|Win32
		{0DC8C279-EE44-4149-89DB-C72219C99917}.GL_21_Release|Win32.Build.0 = GL_21_Release|Win32
		{0DC8C279-EE44-4149-89DB-C72219C99917}.GL_32_Release|Win32.ActiveCfg = GL_32_Release|Win32
		{0DC8C279-EE44-4149-89DB-C72219C99917}.GL_32_Release|Win32.Build.0 = GL_32_Release|Win32
		{0DC8C279-EE44-4149-89DB-C72219C99917}.OpenVG_RI_Release|Win32.ActiveCfg = ES2_IMG_Release|Win32
		{0DC8C279-EE44-4149-89DB-C72219C99917}.OpenVG_RI_Release|Win32.Build.0 = ES2_IMG_Release|Win32
		{0DC8C279-EE44-4149-89DB-C72219C99917}.Release|Win32.ActiveCfg = ES2_IMG_Debug|Win32
		{5A54B448-375E-40FA-B54B-A5D54AC2B7DB}.Debug|Win32.ActiveCfg = ES2_IMG_Debug|Win32
		{5A54B448-375E-40FA-B54B-A5D54AC2B7DB}.Debug|Win32.Build.0 = ES2_IMG_Debug|Win32
		{5A54B448-375E-40FA-B54B-A5D54AC2B7DB}.ES1_IMG_Debug|Win32.ActiveCfg = ES2_IMG_Debug|Win32
		{5A54B448-375E-40FA-B54B-A5D54AC2B7DB}.ES1_IMG_Release|Win32.ActiveCfg = ES2_IMG_Release|Win32
		{5A54B448-375E-40FA-B54B-A5D54AC2B7DB}.ES2_IMG_Debug|Win32.ActiveCfg = ES2_IMG_Debug|Win32
		{5A54B448-375E-40FA-B54B-A5D54AC2B7DB}.ES2_IMG_Debug|Win32.Build.0 = ES2_IMG_Debug|Win32
		{5A54B448-375E-40FA-B54B-A5D54AC2B7DB}.ES2_IMG_Release|Win32.ActiveCfg = ES2_IMG_Release|Win32
		{5A54B448-375E-40FA-B54B-A5D54AC2B7DB}.ES2_IMG_Release|Win32.Build.0 = ES2_IMG_Release|Win32
		{5A54B448-375E-40FA-B54B-A5D54AC2B7DB}.GL_21_Debug|Win32.ActiveCfg = GL_21_Debug|Win32
		{5A54B448-375E-40FA-B54B-A5D54AC2B7DB}.GL_21_Debug|Win32.Build.0 = GL_21_Debug|Win32
		{5A54B448-375E-40FA-B54B-A5D54AC2B7DB}.GL_21_Release|Win32.ActiveCfg = GL_21_Release|Win32
		{5A54B448-375E-40FA-B54B-A5D54AC2B7DB}.GL_21_Release|Win32.Build.0 = GL_21_Release|Win32
		{5A54B448-375E-40FA-B54B-A5D54AC2B7DB}.GL_32_Release|Win32.ActiveCfg = GL_32_Release|Win32
		{5A54B448-375E-40FA-B54B-A5D54AC2B7DB}.GL_32_Release|Win32.Build.0 = GL_32_Release|Win32
		{5A54B448-375E-40FA-B54B-A5D54AC2B7DB}.OpenVG_RI_Release|Win32.ActiveCfg = ES2_IMG_Release|Win32
		{5A54B448-375E-40FA-B54B-A5D54AC2B7DB}.OpenVG_RI_Release|Win32.Build.0 = ES2_IMG_Release|Win32
		{5A54B448-375E-40FA-B54B-A5D54AC2B7DB}.Release|Win32.ActiveCfg = ES2_IMG_Release|Win32
		{5A54B448-375E-40FA-B54B-A5D54AC2B7DB}.Release|Win32.Build.0 = ES2_IMG_Release|Win32
		{BA4BB28E-11CE-41E1-90B8-57F79CFE07A1}.Debug|Win32.ActiveCfg = ES1_IMG_Debug|Win32
		{BA4BB28E-11CE-41E1-90B8-57F79CFE07A1}.Debug|Win32.Build.0 = ES1_IMG_Debug|Win32
		{BA4BB28E-11CE-41E1-90B8-57F79CFE07A1}.ES1_IMG_Debug|Win32.ActiveCfg = ES1_IMG_Debug|Win32
		{BA4BB28E-11CE-41E1-90B8-57F79CFE07A1}.ES1_IMG_Debug|Win32.Build.0 = ES1_IMG_Debug|Win32
		{BA4BB28E-11CE-41E1-90B8-57F79CFE07A1}.ES1_IMG_Release|Win32.ActiveCfg = ES1_IMG_Release|Win32
		{BA4BB28E-11CE-41E1-90B8-57F79CFE07A1}.ES1_IMG_Release|Win32.Build.0 = ES1_IMG_Release|Win32
		{BA4BB28E-11CE-41E1-90B8-57F79CFE07A1}.ES2_IMG_Debug|Win32.ActiveCfg = ES2_IMG_Debug|Win32
		{BA4BB28E-11CE-41E1-90B8-57F79CFE07A1}.ES2_IMG_Debug|Win32.Build.0 = ES2_IMG_Debug|Win32
		{BA4BB28E-11CE-41E1-90B8-57F79CFE07A1}.ES2_IMG_Release|Win32.ActiveCfg = ES2_IMG_Release|Win32
		{BA4BB28E-11CE-41E1-90B8-57F79CFE07A1}.ES2_IMG_Release|Win32.Build.0 = ES2_IMG_Release|Win32
		{BA4BB28E-11CE-41E1-90B8-57F79CFE07A1}.GL_21_Debug|Win32.ActiveCfg = GL_21_Debug|Win32
		{BA4BB28E-11CE-41E1-90B8-57F79CFE07A1}.GL_21_Debug|Win32.Build.0 = GL_21_Debug|Win32
		{BA4BB28E-11CE-41E1-90B8-57F79CFE07A1}.GL_21_Release|Win32.ActiveCfg = GL_21_Release|Win32
		{BA4BB28E-11CE-41E1-90B8-57F79CFE07A1}.GL_21_Release|Win32.Build.0 = GL_21_Release|Win32
		{BA4BB28E-11CE-41E1-90B8-57F79CFE07A1}.GL_32_Release|Win32.ActiveCfg = GL_21_Release|Win32
		{BA4BB28E-11CE-41E1-90B8-57F79CFE07A1}.GL_32_Release|Win32.Build.0 = GL_21_Release|Win32
		{BA4BB28E-11CE-41E1-90B8-57F79CFE07A1}.OpenVG_RI_Release|Win32.ActiveCfg = ES1_IMG_Release|Win32
		{BA4BB28E-11CE-41E1-90B8-57F79CFE07A1}.OpenVG_RI_Release|Win32.Build.0 = ES1_IMG_Release|Win32
		{BA4BB28E-11CE-41E1-90B8-57F79CFE07A1}.Release|Win32.ActiveCfg = ES1_IMG_Release|Win32
		{BA4BB28E-11CE-41E1-90B8-57F79CFE07A1}.Release|Win32.Build.0 = ES1_IMG_Release|Win32
		{BA14E52B-B10F-4AFE-8007-2626075CFA52}.Debug|Win32.ActiveCfg = OpenVG_RI_Debug|Win32
		{BA14E52B-B10F-4AFE-8007-2626075CFA52}.Debug|Win32.Build.0 = OpenVG_RI_Debug|Win32
		{BA14E52B-B10F-4AFE-8007-2626075CFA52}.ES1_IMG_Debug|Win32.ActiveCfg = OpenVG_RI_Debug|Win32
		{BA14E52B-B10F-4AFE-8007-2626075CFA52}.ES1_IMG_Release|Win32.ActiveCfg = OpenVG_RI_Release|Win32
		{BA14E52B-B10F-4AFE-8007-2626075CFA52}.ES2_IMG_Debug|Win32.ActiveCfg = OpenVG_RI_Debug|Win32
		{BA14E52B-B10F-4AFE-8007-2626075CFA52}.ES2_IMG_Release|Win32.ActiveCfg = OpenVG_RI_Release|Win32
		{BA14E52B-B10F-4AFE-8007-2626075CFA52}.GL_21_Debug|Win32.ActiveCfg = GL_21_Debug|Win32
		{BA14E52B-B10F-4AFE-8007-2626075CFA52}.GL_21_Release|Win32.ActiveCfg = GL_21_Release|Win32
		{BA14E52B-B10F-4AFE-8007-2626075CFA52}.GL_32_Release|Win32.ActiveCfg = GL_32_Release|Win32
		{BA14E52B-B10F-4AFE-8007-2626075CFA52}.GL_32_Release|Win32.Build.0 = GL_32_Release|Win32
		{BA14E52B-B10F-4AFE-8007-2626075CFA52}.OpenVG_RI_Release|Win32.ActiveCfg = OpenVG_RI_Release|Win32
		{BA14E52B-B10F-4AFE-8007-2626075CFA52}.OpenVG_RI_Release|Win32.Build.0 = OpenVG_RI_Release|Win32
		{BA14E52B-B10F-4AFE-8007-2626075CFA52}.Release|Win32.ActiveCfg = OpenVG_RI_Release|Win32
		{BA14E52B-B10F-4AFE-8007-2626075CFA52}.Release|Win32.Build.0 = OpenVG_RI_Release|Win32
		{0E0E7277-FFC6-479B-9F2F-F4451D094E03}.Debug|Win32.ActiveCfg = ES2_IMG_Debug|Win32
		{0E0E7277-FFC6-479B-9F2F-F4451D094E03}.Debug|Win32.Build.0 = ES2_IMG_Debug|Win32
		{0E0E7277-FFC6-479B-9F2F-F4451D094E03}.ES1_IMG_Debug|Win32.ActiveCfg = ES1_IMG_Debug|Win32
		{0E0E7277-FFC6-479B-9F2F-F4451D094E03}.ES1_IMG_Debug|Win32.Build.0 = ES1_IMG_Debug|Win32
		{0E0E7277-FFC6-479B-9F2F-F4451D094E03}.ES1_IMG_Release|Win32.ActiveCfg = ES1_IMG_Release|Win32
		{0E0E7277-FFC6-479B-9F2F-F4451D094E03}.ES1_IMG_Release|Win32.Build.0 = ES1_IMG_Release|Win32
		{0E0E7277-FFC6-479B-9F2F-F4451D094E03}.ES2_IMG_Debug|Win32.ActiveCfg = ES2_IMG_Debug|Win32
		{0E0E7277-FFC6-479B-9F2F-F4451D094E03}.ES2_IMG_Debug|Win32.Build.0 = ES2_IMG_Debug|Win32
		{0E0E7277-FFC6-479B-9F2F-F4451D094E03}.ES2_IMG_Release|Win32.ActiveCfg = ES2_IMG_Release|Win32
		{0E0E7277-FFC6-479B-9F2F-F4451D094E03}.ES2_IMG_Release|Win32.Build.0 = ES2_IMG_Release|Win32
		{0E0E7277-FFC6-479B-9F2F-F4451D094E03}.GL_21_Debug|Win32.ActiveCfg = GL_21_Debug|Win32
		{0E0E7277-FFC6-479B-9F2F-F4451D094E03}.GL_21_Debug|Win32.Build.0 = GL_21_Debug|Win32
		{0E0E7277-FFC6-479B-9F2F-F4451D094E03}.GL_21_Release|Win32.ActiveCfg = GL_21_Release|Win32
		{0E0E7277-FFC6-479B-9F2F-F4451D094E03}.GL_21_Release|Win32.Build.0 = GL_21_Release|Win32
		{0E0E7277-FFC6-479B-9F2F-F4451D094E03}.GL_32_Release|Win32.ActiveCfg = GL_32_Release|Win32
		{0E0E7277-FFC6-479B-9F2F-F4451D094E03}.GL_32_Release|Win32.Build.0 = GL_32_Release|Win32
		{0E0E7277-FFC6-479B-9F2F-F4451D094E03}.OpenVG_RI_Release|Win32.ActiveCfg = ES2_IMG_Release|Win32
		{0E0E7277-FFC6-479B-9F2F-F4451D094E03}.OpenVG_RI_Release|Win32.Build.0 = ES2_IMG_Release|Win32
		{0E0E7277-FFC6-479B-9F2F-F4451D094E03}.Release|Win32.ActiveCfg = ES2_IMG_Release|Win32
		{0E0E7277-FFC6-479B-9F2F-F4451D094E03}.Release|Win32.Build.0 = ES2_IMG_Release|Win32
		{47CC7865-01E1-4674-928D-05CC5D0AC274}.Debug|Win32.ActiveCfg = ES2_IMG_Debug|Win32
		{47CC7865-01E1-4674-928D-05CC5D0AC274}.Debug|Win32.Build.0 = ES2_IMG_Debug|Win32
		{47CC7865-01E1-4674-928D-05CC5D0AC274}.ES1_IMG_Debug|Win32.ActiveCfg = ES1_IMG_Debug|Win32
		{47CC7865-01E1-4674-928D-05CC5D0AC274}.ES1_IMG_Debug|Win32.Build.0 = ES1_IMG_Debug|Win32
		{47CC7865-01E1-4674-928D-05CC5D0AC274}.ES1_IMG_Release|Win32.ActiveCfg = ES1_IMG_Release|Win32
		{47CC7865-01E1-4674-928D-05CC5D0AC274}.ES1_IMG_Release|Win32.Build.0 = ES1_IMG_Release|Win32
		{47CC7865-01E1-4674-928D-05CC5D0AC274}.ES2_IMG_Debug|Win32.ActiveCfg = ES2_IMG_Debug|Win32
		{47CC7865-01E1-4674-928D-05CC5D0AC274}.ES2_IMG_Debug|Win32.Build.0 = ES2_IMG_Debug|Win32
		{47CC7865-01E1-4674-928D-05CC5D0AC274}.ES2_IMG_Release|Win32.ActiveCfg = ES2_IMG_Release|Win32
		{47CC7865-01E1-4674-928D-05CC5D0AC274}.ES2_IMG_Release|Win32.Build.0 = ES2_IMG_Release|Win32
		{47CC7865-01E1-4674-928D-05CC5D0AC274}.GL_21_Debug|Win32.ActiveCfg = GL_21_Debug|Win32
		{47CC7865-01E1-4674-928D-05CC5D0AC274}.GL_21_Debug|Win32.Build.0 = GL_21_Debug|Win32
		{47CC7865-01E1-4674-928D-05CC5D0AC274}.GL_21_Release|Win32.ActiveCfg = GL_21_Release|Win32
		{47CC7865-01E1-4674-928D-05CC5D0AC274}.GL_21_Release|Win32.Build.0 = GL_21_Release|Win32
		{47CC7865-01E1-4674-928D-05CC5D0AC274}.GL_32_Release|Win32.ActiveCfg = GL_32_Release|Win32
		{47CC7865-01E1-4674-928D-05CC5D0AC274}.GL_32_Release|Win32.Build.0 = GL_32_Release|Win32
		{47CC7865-01E1-4674-928D-05CC5D0AC274}.OpenVG_RI_Release|Win32.ActiveCfg = ES2_IMG_Release|Win32
		{47CC7865-01E1-4674-928D-05CC5D0AC274}.OpenVG_RI_Release|Win32.Build.0 = ES2_IMG_Release|Win32
		{47CC7865-01E1-4674-928D-05CC5D0AC274}.Release|Win32.ActiveCfg = ES2_IMG_Release|Win32
		{47CC7865-01E1-4674-928D-05CC5D0AC274}.Release|Win32.Build.0 = ES2_IMG_Release|Win32
		{284A53EC-52AB-4031-B305-A4B8850AB9AC}.Debug|Win32.ActiveCfg = ES2_IMG_Debug|Win32
		{284A53EC-52AB-4031-B305-A4B8850AB9AC}.Debug|Win32.Build.0 = ES2_IMG_Debug|Win32
		{284A53EC-52AB-4031-B305-A4B8850AB9AC}.ES1_IMG_Debug|Win32.ActiveCfg = ES1_IMG_Debug|Win32
		{284A53EC-52AB-4031-B305-A4B8850AB9AC}.ES1_IMG_Debug|Win32.Build.0 = ES1_IMG_Debug|Win32
		{284A53EC-52AB-4031-B305-A4B8850AB9AC}.ES1_IMG_Release|Win32.ActiveCfg = ES1_IMG_Release|Win32
		{284A53EC-52AB-4031-B305-A4B8850AB9AC}.ES1_IMG_Release|Win32.Build.0 = ES1_IMG_Release|Win32
		{284A53EC-52AB-4031-B305-A4B8850AB9AC}.ES2_IMG_Debug|Win32.ActiveCfg = ES2_IMG_Debug|Win32
		{284A53EC-52AB-4031-B305-A4B8850AB9AC}.ES2_IMG_Debug|Win32.Build.0 = ES2_IMG_Debug|Win32
		{284A53EC-52AB-4031-B305-A4B8850AB9AC}.ES2_IMG_Release|Win32.ActiveCfg = ES2_IMG_Release|Win32
		{284A53EC-52AB-4031-B305-A4B8850AB9AC}.ES2_IMG_Release|Win32.Build.0 = ES2_IMG_Release|Win32
		{284A53EC-52AB-4031-B305-A4B8850AB9AC}.GL_21_Debug|Win32.ActiveCfg = GL_21_Debug|Win32
		{284A53EC-52AB-4031-B305-A4B8850AB9AC}.GL_21_Debug|Win32.Build.0 = GL_21_Debug|Win32
		{284A53EC-52AB-4031-B305-A4B8850AB9AC}.GL_21_Release|Win32.ActiveCfg = GL_21_Release|Win32
		{284A53EC-52AB-4031-B305-A4B8850AB9AC}.GL_21_Release|Win32.Build.0 = GL_21_Release|Win32
		{284A53EC-52AB-4031-B305-A4B8850AB9AC}.GL_32_Release|Win32.ActiveCfg = GL_32_Release|Win32
		{284A53EC-52AB-4031-B305-A4B8850AB9AC}.GL_32_Release|Win32.Build.0 = GL_32_Release|Win32
		{284A53EC-52AB-4031-B305-A4B8850AB9AC}.OpenVG_RI_Release|Win32.ActiveCfg = ES2_IMG_Release|Win32
		{284A53EC-52AB-4031-B305-A4B8850AB9AC}.OpenVG_RI_Release|Win32.Build.0 = ES2_IMG_Release|Win32
		{284A53EC-52AB-4031-B305-A4B8850AB9AC}.Release|Win32.ActiveCfg = ES2_IMG_Release|Win32
		{284A53EC-52AB-4031-B305-A4B8850AB9AC}.Release|Win32.Build.0 = ES2_IMG_Release|Win32
		{FD13C213-FD2E-41B7-B08A-507E2A861160}.Debug|Win32.ActiveCfg = ES2_IMG_Debug|Win32
		{FD13C213-FD2E-41B7-B08A-507E2A861160}.Debug|Win32.Build.0 = ES2_IMG_Debug|Win32
		{FD13C213-FD2E-41B7-B08A-507E2A861160}.ES1_IMG_Debug|Win32.ActiveCfg = ES1_IMG_Debug|Win32
		{FD13C213-FD2E-41B7-B08A-507E2A861160}.ES1_IMG_Debug|Win32.Build.0 = ES1_IMG_Debug|Win32
		{FD13C213-FD2E-41B7-B08A-507E2A861160}.ES1_IMG_Release|Win32.ActiveCfg = ES1_IMG_Release|Win32
		{FD13C213-FD2E-41B7-B08A-507E2A861160}.ES1_IMG_Release|Win32.Build.0 = ES1_IMG_Release|Win32
		{FD13C213-FD2E-41B7-B08A-507E2A861160}.ES2_IMG_Debug|Win32.ActiveCfg = ES2_IMG_Debug|Win32
		{FD13C213-FD2E-41B7-B08A-507E2A861160}.ES2_IMG_Debug|Win32.Build.0 = ES2_IMG_Debug|Win32
		{FD13C213-FD2E-41B7-B08A-507E2A861160}.ES2_IMG_Release|Win32.ActiveCfg = ES2_IMG_Release|Win32
		{FD13C213-FD2E-41B7-B08A-507E2A861160}.ES2_IMG_Release|Win32.Build.0 = ES2_IMG_Release|Win32
		{FD13C213-FD2E-41B7-B08A-507E2A861160}.GL_21_Debug|Win32.ActiveCfg = GL_21_Debug|Win32
		{FD13C213-FD2E-41B7-B08A-507E2A861160}.GL_21_Debug|Win32.Build.0 = GL_21_Debug|Win32
		{FD13C213-FD2E-41B7-B08A-507E2A861160}.GL_21_Release|Win32.ActiveCfg = GL_21_Release|Win32
		{FD13C213-FD2E-41B7-B08A-507E2A861160}.GL_21_Release|Win32.Build.0 = GL_21_Release|Win32
		{FD13C213-FD2E-41B7-B08A-507E2A861160}.GL_32_Release|Win32.ActiveCfg = GL_32_Release|Win32
		{FD13C213-FD2E-41B7-B08A-507E2A861160}.GL_32_Release|Win32.Build.0 = GL_32_Release|Win32
		{FD13C213-FD2E-41B7-B08A-507E2A861160}.OpenVG_RI_Release|Win32.ActiveCfg = ES2_IMG_Release|Win32
		{FD13C213-FD2E-41B7-B08A-507E2A861160}.OpenVG_RI_Release|Win32.Build.0 = ES2_IMG_Release|Win32
		{FD13C213-FD2E-41B7-B08A-507E2A861160}.Release|Win32.ActiveCfg = ES2_IMG_Release|Win32
		{FD13C213-FD2E-41B7-B08A-507E2A861160}.Release|Win32.Build.0 = ES2_IMG_Release|Win32
		{8DD397E1-78AF-483A-805D-E08F03F90A9D}.Debug|Win32.ActiveCfg = ES1_IMG_Debug|Win32
		{8DD397E1-78AF-483A-805D-E08F03F90A9D}.Debug|Win32.Build.0 = ES1_IMG_Debug|Win32
		{8DD397E1-78AF-483A-805D-E08F03F90A9D}.ES1_IMG_Debug|Win32.ActiveCfg = ES1_IMG_Debug|Win32
		{8DD397E1-78AF-483A-805D-E08F03F90A9D}.ES1_IMG_Debug|Win32.Build.0 = ES1_IMG_Debug|Win32
		{8DD397E1-78AF-483A-805D-E08F03F90A9D}.ES1_IMG_Release|Win32.ActiveCfg = ES1_IMG_Release|Win32
		{8DD397E1-78AF-483A-805D-E08F03F90A9D}.ES1_IMG_Release|Win32.Build.0 = ES1_IMG_Release|Win32
		{8DD397E1-78AF-483A-805D-E08F03F90A9D}.ES2_IMG_Debug|Win32.ActiveCfg = ES2_IMG_Debug|Win32
		{8DD397E1-78AF-483A-805D-E08F03F90A9D}.ES2_IMG_Debug|Win32.Build.0 = ES2_IMG_Debug|Win32
		{8DD397E1-78AF-483A-805D-E08F03F90A9D}.ES2_IMG_Release|Win32.ActiveCfg = ES2_IMG_Release|Win32
		{8DD397E1-78AF-483A-805D-E08F03F90A9D}.ES2_IMG_Release|Win32.Build.0 = ES2_IMG_Release|Win32
		{8DD397E1-78AF-483A-805D-E08F03F90A9D}.GL_21_Debug|Win32.ActiveCfg = GL_21_Debug|Win32
		{8DD397E1-78AF-483A-805D-E08F03F90A9D}.GL_21_Debug|Win32.Build.0 = GL_21_Debug|Win32
		{8DD397E1-78AF-483A-805D-E08F03F90A9D}.GL_21_Release|Win32.ActiveCfg = GL_21_Release|Win32
		{8DD397E1-78AF-483A-805D-E08F03F90A9D}.GL_21_Release|Win32.Build.0 = GL_21_Release|Win32
		{8DD397E1-78AF-483A-805D-E08F03F90A9D}.GL_32_Release|Win32.ActiveCfg = GL_32_Release|Win32
		{8DD397E1-78AF-483A-805D-E08F03F90A9D}.GL_32_Release|Win32.Build.0 = GL_32_Release|Win32
		{8DD397E1-78AF-483A-805D-E08F03F90A9D}.OpenVG_RI_Release|Win32.ActiveCfg = ES1_IMG_Release|Win32
		{8DD397E1-78AF-483A-805D-E08F03F90A9D}.OpenVG_RI_Release|Win32.Build.0 = ES1_IMG_Release|Win32
		{8DD397E1-78AF-483A-805D-E08F03F90A9D}.Release|Win32.ActiveCfg = ES1_IMG_Release|Win32
		{8DD397E1-78AF-483A-805D-E08F03F90A9D}.Release|Win32.Build.0 = ES1_IMG_Release|Win32
		{D5A76A37-8CC6-46E1-9C4B-9ABF0A49B53F}.Debug|Win32.ActiveCfg = ES2_IMG_Debug|Win32
		{D5A76A37-8CC6-46E1-9C4B-9ABF0A49B53F}.Debug|Win32.Build.0 = ES2_IMG_Debug|Win32
		{D5A76A37-8CC6-46E1-9C4B-9ABF0A49B53F}.ES1_IMG_Debug|Win32.ActiveCfg = ES2_IMG_Debug|Win32
		{D5A76A37-8CC6-46E1-9C4B-9ABF0A49B53F}.ES1_IMG_Release|Win32.ActiveCfg = ES2_IMG_Release|Win32
		{D5A76A37-8CC6-46E1-9C4B-9ABF0A49B53F}.ES2_IMG_Debug|Win32.ActiveCfg = ES2_IMG_Debug|Win32
		{D5A76A37-8CC6-46E1-9C4B-9ABF0A49B53F}.ES2_IMG_Debug|Win32.Build.0 = ES2_IMG_Debug|Win32
		{D5A76A37-8CC6-46E1-9C4B-9ABF0A49B53F}.ES2_IMG_Release|Win32.ActiveCfg = ES2_IMG_Release|Win32
		{D5A76A37-8CC6-46E1-9C4B-9ABF0A49B53F}.ES2_IMG_Release|Win32.Build.0 = ES2_IMG_Release|Win32
		{D5A76A37-8CC6-46E1-9C4B-9ABF0A49B53F}.GL_21_Debug|Win32.ActiveCfg = GL_21_Debug|Win32
		{D5A76A37-8CC6-46E1-9C4B-9ABF0A49B53F}.GL_21_Debug|Win32.Build.0 = GL_21_Debug|Win32
		{D5A76A37-8CC6-46E1-9C4B-9ABF0A49B53F}.GL_21_Release|Win32.ActiveCfg = GL_21_Release|Win32
		{D5A76A37-8CC6-46E1-9C4B-9ABF0A49B53F}.GL_21_Release|Win32.Build.0 = GL_21_Release|Win32
		{D5A76A37-8CC6-46E1-9C4B-9ABF0A49B53F}.GL_32_Release|Win32.ActiveCfg = GL_32_Release|Win32
		{D5A76A37-8CC6-46E1-9C4B-9ABF0A49B53F}.GL_32_Release|Win32.Build.0 = GL_32_Release|Win32
		{D5A76A37-8CC6-46E1-9C4B-9ABF0A49B53F}.OpenVG_RI_Release|Win32.ActiveCfg = ES2_IMG_Release|Win32
		{D5A76A37-8CC6-46E1-9C4B-9ABF0A49B53F}.OpenVG_RI_Release|Win32.Build.0 = ES2_IMG_Release|Win32
		{D5A76A37-8CC6-46E1-9C4B-9ABF0A49B53F}.Release|Win32.ActiveCfg = ES2_IMG_Release|Win32
		{D5A76A37-8CC6-46E1-9C4B-9ABF0A49B53F}.Release|Win32.Build.0 = ES2_IMG_Release|Win32
		{7E1D91B6-FE35-4E90-BB52-FC6C6978005E}.Debug|Win32.ActiveCfg = ES2_IMG_Debug|Win32
		{7E1D91B6-FE35-4E90-BB52-FC6C6978005E}.Debug|Win32.Build.0 = ES2_IMG_Debug|Win32
		{7E1D91B6-FE35-4E90-BB52-FC6C6978005E}.ES1_IMG_Debug|Win32.ActiveCfg = ES1_IMG_Debug|Win32
		{7E1D91B6-FE35-4E90-BB52-FC6C6978005E}.ES1_IMG_Debug|Win32.Build.0 = ES1_IMG_Debug|Win32
		{7E1D91B6-FE35-4E90-BB52-FC6C6978005E}.ES1_IMG_Release|Win32.ActiveCfg = ES1_IMG_Release|Win32
		{7E1D91B6-FE35-4E90-BB52-FC6C6978005E}.ES1_IMG_Release|Win32.Build.0 = ES1_IMG_Release|Win32
		{7E1D91B6-FE35-4E90-BB52-FC6C6978005E}.ES2_IMG_Debug|Win32.ActiveCfg = ES2_IMG_Debug|Win32
		{7E1D91B6-FE35-4E90-BB52-FC6C6978005E}.ES2_IMG_Debug|Win32.Build.0 = ES2_IMG_Debug|Win32
		{7E1D91B6-FE35-4E90-BB52-FC6C6978005E}.ES2_IMG_Release|Win32.ActiveCfg = ES2_IMG_Release|Win32
		{7E1D91B6-FE35-4E90-BB52-FC6C6978005E}.ES2_IMG_Release|Win32.Build.0 = ES2_IMG_Release|Win32
		{7E1D91B6-FE35-4E90-BB52-FC6C6978005E}.GL_21_Debug|Win32.ActiveCfg = GL_21_Debug|Win32
		{7E1D91B6-FE35-4E90-BB52-FC6C6978005E}.GL_21_Debug|Win32.Build.0 = GL_21_Debug|Win32
		{7E1D91B6-FE35-4E90-BB52-FC6C6978005E}.GL_21_Release|Win32.ActiveCfg = GL_21_Release|Win32
		{7E1D91B6-FE35-4E90-BB52-FC6C6978005E}.GL_21_Release|Win32.Build.0 = GL_21_Release|Win32
		{7E1D91B6-FE35-4E90-BB52-FC6C6978005E}.GL_32_Release|Win32.ActiveCfg = GL_32_Release|Win32
		{7E1D91B6-FE35-4E90-BB52-FC6C6978005E}.GL_32_Release|Win32.Build.0 = GL_32_Release|Win32
		{7E1D91B6-FE35-4E90-BB52-FC6C6978005E}.OpenVG_RI_Release|Win32.ActiveCfg = ES2_IMG_Release|Win32
		{7E1D91B6-FE35-4E90-BB52-FC6C6978005E}.OpenVG_RI_Release|Win32.Build.0 = ES2_IMG_Release|Win32
		{7E1D91B6-FE35-4E90-BB52-FC6C6978005E}.Release|Win32.ActiveCfg = ES2_IMG_Release|Win32
		{7E1D91B6-FE35-4E90-BB52-FC6C6978005E}.Release|Win32.Build.0 = ES2_IMG_Release|Win32
		{F52DD5CA-A8AC-4AE7-BB56-064858076247}.Debug|Win32.ActiveCfg = ES1_IMG_Debug|Win32
		{F52DD5CA-A8AC-4AE7-BB56-064858076247}.Debug|Win32.Build.0 = ES1_IMG_Debug|Win32
		{F52DD5CA-A8AC-4AE7-BB56-064858076247}.ES1_IMG_Debug|Win32.ActiveCfg = ES1_IMG_Debug|Win32
		{F52DD5CA-A8AC-4AE7-BB56-064858076247}.ES1_IMG_Debug|Win32.Build.0 = ES1_IMG_Debug|Win32
		{F52DD5CA-A8AC-4AE7-BB56-064858076247}.ES1_IMG_Release|Win32.ActiveCfg = ES1_IMG_Release|Win32
		{F52DD5CA-A8AC-4AE7-BB56-064858076247}.ES1_IMG_Release|Win32.Build.0 = ES1_IMG_Release|Win32
		{F52DD5CA-A8AC-4AE7-BB56-064858076247}.ES2_IMG_Debug|Win32.ActiveCfg = ES2_IMG_Debug|Win32
		{F52DD5CA-A8AC-4AE7-BB56-064858076247}.ES2_IMG_Debug|Win32.Build.0 = ES2_IMG_Debug|Win32
		{F52DD5CA-A8AC-4AE7-BB56-064858076247}.ES2_IMG_Release|Win32.ActiveCfg = ES2_IMG_Release|Win32
		{F52DD5CA-A8AC-4AE7-BB56-064858076247}.ES2_IMG_Release|Win32.Build.0 = ES2_IMG_Release|Win32
		{F52DD5CA-A8AC-4AE7-BB56-064858076247}.GL_21_Debug|Win32.ActiveCfg = GL_21_Debug|Win32
		{F52DD5CA-A8AC-4AE7-BB56-064858076247}.GL_21_Debug|Win32.Build.0 = GL_21_Debug|Win32
		{F52DD5CA-A8AC-4AE7-BB56-064858076247}.GL_21_Release|Win32.ActiveCfg = GL_21_Release|Win32
		{F52DD5CA-A8AC-4AE7-BB56-064858076247}.GL_21_Release|Win32.Build.0 = GL_21_Release|Win32
		{F52DD5CA-A8AC-4AE7-BB56-064858076247}.GL_32_Release|Win32.ActiveCfg = GL_32_Release|Win32
		{F52DD5CA-A8AC-4AE7-BB56-064858076247}.GL_32_Release|Win32.Build.0 = GL_32_Release|Win32
		{F52DD5CA-A8AC-4AE7-BB56-064858076247}.OpenVG_RI_Release|Win32.ActiveCfg = ES2_IMG_Release|Win32
		{F52DD5CA-A8AC-4AE7-BB56-064858076247}.OpenVG_RI_Release|Win32.Build.0 = ES2_IMG_Release|Win32
		{F52DD5CA-A8AC-4AE7-BB56-064858076247}.Release|Win32.ActiveCfg = ES2_IMG_Release|Win32
		{F52DD5CA-A8AC-4AE7-BB56-064858076247}.Release|Win32.Build.0 = ES2_IMG_Release|Win32
		{51DB52F8-D5F1-4DE3-8333-14D0BC63F759}.Debug|Win32.ActiveCfg = Debug|Win32
		{51DB52F8-D5F1-4DE3-8333-14D0BC63F759}.Debug|Win32.Build.0 = Debug|Win32
		{51DB52F8-D5F1-4DE3-8333-14D0BC63F759}.ES1_IMG_Debug|Win32.ActiveCfg = Debug|Win32
		{51DB52F8-D5F1-4DE3-8333-14D0BC63F759}.ES1_IMG_Debug|Win32.Build.0 = Debug|Win32
		{51DB52F8-D5F1-4DE3-8333-14D0BC63F759}.ES1_IMG_Release|Win32.ActiveCfg = Release|Win32
		{51DB52F8-D5F1-4DE3-8333-14D0BC63F759}.ES1_IMG_Release|Win32.Build.0 = Release|Win32
		{51DB52F8-D5F1-4DE3-8333-14D0BC63F759}.ES2_IMG_Debug|Win32.ActiveCfg = Debug|Win32
		{51DB52F8-D5F1-4DE3-8333-14D0BC63F759}.ES2_IMG_Debug|Win32.Build.0 = Debug|Win32
		{51DB52F8-D5F1-4DE3-8333-14D0BC63F759}.ES2_IMG_Release|Win32.ActiveCfg = Release|Win32
		{51DB52F8-D5F1-4DE3-8333-14D0BC63F759}.ES2_IMG_Release|Win32.Build.0 = Release|Win32
		{51DB52F8-D5F1-4DE3-8333-14D0BC63F759}.GL_21_Debug|Win32.ActiveCfg = GL_21_Debug|Win32
		{51DB52F8-D5F1-4DE3-8333-14D0BC63F759}.GL_21_Debug|Win32.Build.0 = GL_21_Debug|Win32
		{51DB52F8-D5F1-4DE3-8333-14D0BC63F759}.GL_21_Release|Win32.ActiveCfg = GL_21_Release|Win32
		{51DB52F8-D5F1-4DE3-8333-14D0BC63F759}.GL_21_Release|Win32.Build.0 = GL_21_Release|Win32
		{51DB52F8-D5F1-4DE3-8333-14D0BC63F759}.GL_32_Release|Win32.ActiveCfg = GL_32_Release|Win32
		{51DB52F8-D5F1-4DE3-8333-14D0BC63F759}.GL_32_Release|Win32.Build.0 = GL_32_Release|Win32
		{51DB52F8-D5F1-4DE3-8333-14D0BC63F759}.OpenVG_RI_Release|Win32.ActiveCfg = Release|Win32
		{51DB52F8-D5F1-4DE3-8333-14D0BC63F759}.OpenVG_RI_Release|Win32.Build.0 = Release|Win32
		{51DB52F8-D5F1-4DE3-8333-14D0BC63F759}.Release|Win32.ActiveCfg = Release|Win32
		{51DB52F8-D5F1-4DE3-8333-14D0BC63F759}.Release|Win32.Build.0 = Release|Win32
		{9DE365AF-84BD-4907-ABC7-5D0FF29A1A44}.Debug|Win32.ActiveCfg = ES1_IMG_Debug|Win32
		{9DE365AF-84BD-4907-ABC7-5D0FF29A1A44}.Debug|Win32.Build.0 = ES1_IMG_Debug|Win32
		{9DE365AF-84BD-4907-ABC7-5D0FF29A1A44}.ES1_IMG_Debug|Win32.ActiveCfg = ES1_IMG_Debug|Win32
		{9DE365AF-84BD-4907-ABC7-5D0FF29A1A44}.ES1_IMG_Debug|Win32.Build.0 = ES1_IMG_Debug|Win32
		{9DE365AF-84BD-4907-ABC7-5D0FF29A1A44}.ES1_IMG_Release|Win32.ActiveCfg = ES1_IMG_Release|Win32
		{9DE365AF-84BD-4907-ABC7-5D0FF29A1A44}.ES1_IMG_Release|Win32.Build.0 = ES1_IMG_Release|Win32
		{9DE365AF-84BD-4907-ABC7-5D0FF29A1A44}.ES2_IMG_Debug|Win32.ActiveCfg = ES2_IMG_Debug|Win32
		{9DE365AF-84BD-4907-ABC7-5D0FF29A1A44}.ES2_IMG_Debug|Win32.Build.0 = ES2_IMG_Debug|Win32
		{9DE365AF-84BD-4907-ABC7-5D0FF29A1A44}.ES2_IMG_Release|Win32.ActiveCfg = ES2_IMG_Release|Win32
		{9DE365AF-84BD-4907-ABC7-5D0FF29A1A44}.ES2_IMG_Release|Win32.Build.0 = ES2_IMG_Release|Win32
		{9DE365AF-84BD-4907-ABC7-5D0FF29A1A44}.GL_21_Debug|Win32.ActiveCfg = GL_21_Debug|Win32
		{9DE365AF-84BD-4907-ABC7-5D0FF29A1A44}.GL_21_Debug|Win32.Build.0 = GL_21_Debug|Win32
		{9DE365AF-84BD-4907-ABC7-5D0FF29A1A44}.GL_21_Release|Win32.ActiveCfg = GL_21_Release|Win32
		{9DE365AF-84BD-4907-ABC7-5D0FF29A1A44}.GL_21_Release|Win32.Build.0 = GL_21_Release|Win32
		{9DE365AF-84BD-4907-ABC7-5D0FF29A1A44}.GL_32_Release|Win32.ActiveCfg = GL_32_Release|Win32
		{9DE365AF-84BD-4907-ABC7-5D0FF29A1A44}.GL_32_Release|Win32.Build.0 = GL_32_Release|Win32
		{9DE365AF-84BD-4907-ABC7-5D0FF29A1A44}.OpenVG_RI_Release|Win32.ActiveCfg = ES1_IMG_Release|Win32
		{9DE365AF-84BD-4907-ABC7-5D0FF29A1A44}.OpenVG_RI_Release|Win32.Build.0 = ES1_IMG_Release|Win32
		{9DE365AF-84BD-4907-ABC7-5D0FF29A1A44}.Release|Win32.ActiveCfg = ES1_IMG_Release|Win32
		{9DE365AF-84BD-4907-ABC7-5D0FF29A1A44}.Release|Win32.Build.0 = ES1_IMG_Release|Win32
		{2A16AB5D-65CA-419F-BF94-BF4F10557951}.Debug|Win32.ActiveCfg = ES2_IMG_Debug|Win32
		{2A16AB5D-65CA-419F-BF94-BF4F10557951}.ES1_IMG_Debug|Win32.ActiveCfg = ES1_IMG_Debug|Win32
		{2A16AB5D-65CA-419F-BF94-BF4F10557951}.ES1_IMG_Release|Win32.ActiveCfg = ES1_IMG_Release|Win32
		{2A16AB5D-65CA-419F-BF94-BF4F10557951}.ES2_IMG_Debug|Win32.ActiveCfg = ES2_IMG_Debug|Win32
		{2A16AB5D-65CA-419F-BF94-BF4F10557951}.ES2_IMG_Release|Win32.ActiveCfg = ES2_IMG_Release|Win32
		{2A16AB5D-65CA-419F-BF94-BF4F10557951}.GL_21_Debug|Win32.ActiveCfg = GL_21_Debug|Win32
		{2A16AB5D-65CA-419F-BF94-BF4F10557951}.GL_21_Release|Win32.ActiveCfg = GL_21_Release|Win32
		{2A16AB5D-65CA-419F-BF94-BF4F10557951}.GL_32_Release|Win32.ActiveCfg = GL_21_Release|Win32
		{2A16AB5D-65CA-419F-BF94-BF4F10557951}.GL_32_Release|Win32.Build.0 = GL_21_Release|Win32
		{2A16AB5D-65CA-419F-BF94-BF4F10557951}.OpenVG_RI_Release|Win32.ActiveCfg = ES2_IMG_Release|Win32
		{2A16AB5D-65CA-419F-BF94-BF4F10557951}.OpenVG_RI_Release|Win32.Build.0 = ES2_IMG_Release|Win32
		{2A16AB5D-65CA-419F-BF94-BF4F10557951}.Release|Win32.ActiveCfg = ES2_IMG_Release|Win32
		{50EEF913-DD6F-4595-85E1-14B83F901E41}.Debug|Win32.ActiveCfg = ES2_IMG_Debug|Win32
		{50EEF913-DD6F-4595-85E1-14B83F901E41}.Debug|Win32.Build.0 = ES2_IMG_Debug|Win32
		{50EEF913-DD6F-4595-85E1-14B83F901E41}.ES1_IMG_Debug|Win32.ActiveCfg = ES2_IMG_Release|Win32
		{50EEF913-DD6F-4595-85E1-14B83F901E41}.ES1_IMG_Release|Win32.ActiveCfg = ES2_IMG_Release|Win32
		{50EEF913-DD6F-4595-85E1-14B83F901E41}.ES2_IMG_Debug|Win32.ActiveCfg = ES2_IMG_Debug|Win32
		{50EEF913-DD6F-4595-85E1-14B83F901E41}.ES2_IMG_Debug|Win32.Build.0 = ES2_IMG_Debug|Win32
		{50EEF913-DD6F-4595-85E1-14B83F901E41}.ES2_IMG_Release|Win32.ActiveCfg = ES2_IMG_Release|Win32
		{50EEF913-DD6F-4595-85E1-14B83F901E41}.ES2_IMG_Release|Win32.Build.0 = ES2_IMG_Release|Win32
		{50EEF913-DD6F-4595-85E1-14B83F901E41}.GL_21_Debug|Win32.ActiveCfg = GL_21_Debug|Win32
		{50EEF913-DD6F-4595-85E1-14B83F901E41}.GL_21_Debug|Win32.Build.0 = GL_21_Debug|Win32
		{50EEF913-DD6F-4595-85E1-14B83F901E41}.GL_21_Release|Win32.ActiveCfg = GL_21_Release|Win32
		{50EEF913-DD6F-4595-85E1-14B83F901E41}.GL_21_Release|Win32.Build.0 = GL_21_Release|Win32
		{50EEF913-DD6F-4595-85E1-14B83F901E41}.GL_32_Release|Win32.ActiveCfg = GL_32_Release|Win32
		{50EEF913-DD6F-4595-85E1-14B83F901E41}.GL_32_Release|Win32.Build.0 = GL_32_Release|Win32
		{50EEF913-DD6F-4595-85E1-14B83F901E41}.OpenVG_RI_Release|Win32.ActiveCfg = GL_21_Release|Win32
		{50EEF913-DD6F-4595-85E1-14B83F901E41}.OpenVG_RI_Release|Win32.Build.0 = GL_21_Release|Win32
		{50EEF913-DD6F-4595-85E1-14B83F901E41}.Release|Win32.ActiveCfg = ES2_IMG_Release|Win32
		{50EEF913-DD6F-4595-85E1-14B83F901E41}.Release|Win32.Build.0 = ES2_IMG_Release|Win32
		{734F3257-0F31-4277-91D3-2D275DB0D012}.Debug|Win32.ActiveCfg = Debug|Win32
		{734F3257-0F31-4277-91D3-2D275DB0D012}.Debug|Win32.Build.0 = Debug|Win32
		{734F3257-0F31-4277-91D3-2D275DB0D012}.ES1_IMG_Debug|Win32.ActiveCfg = ES1_IMG_Debug|Win32
		{734F3257-0F31-4277-91D3-2D275DB0D012}.ES1_IMG_Debug|Win32.Build.0 = ES1_IMG_Debug|Win32
		{734F3257-0F31-4277-91D3-2D275DB0D012}.ES1_IMG_Release|Win32.ActiveCfg = ES1_IMG_Release|Win32
		{734F3257-0F31-4277-91D3-2D275DB0D012}.ES1_IMG_Release|Win32.Build.0 = ES1_IMG_Release|Win32
		{734F3257-0F31-4277-91D3-2D275DB0D012}.ES2_IMG_Debug|Win32.ActiveCfg = ES2_IMG_Debug|Win32
		{734F3257-0F31-4277-91D3-2D275DB0D012}.ES2_IMG_Debug|Win32.Build.0 = ES2_IMG_Debug|Win32
		{734F3257-0F31-4277-91D3-2D275DB0D012}.ES2_IMG_Release|Win32.ActiveCfg = ES2_IMG_Release|Win32
		{734F3257-0F31-4277-91D3-2D275DB0D012}.ES2_IMG_Release|Win32.Build.0 = ES2_IMG_Release|Win32
		{734F3257-0F31-4277-91D3-2D275DB0D012}.GL_21_Debug|Win32.ActiveCfg = GL_21_Debug|Win32
		{734F3257-0F31-4277-91D3-2D275DB0D012}.GL_21_Debug|Win32.Build.0 = GL_21_Debug|Win32
		{734F3257-0F31-4277-91D3-2D275DB0D012}.GL_21_Release|Win32.ActiveCfg = GL_21_Release|Win32
		{734F3257-0F31-4277-91D3-2D275DB0D012}.GL_21_Release|Win32.Build.0 = GL_21_Release|Win32
		{734F3257-0F31-4277-91D3-2D275DB0D012}.GL_32_Release|Win32.ActiveCfg = Release|Win32
		{734F3257-0F31-4277-91D3-2D275DB0D012}.GL_32_Release|Win32.Build.0 = Release|Win32
		{734F3257-0F31-4277-91D3-2D275DB0D012}.OpenVG_RI_Release|Win32.ActiveCfg = Release|Win32
		{734F3257-0F31-4277-91D3-2D275DB0D012}.OpenVG_RI_Release|Win32.Build.0 = Release|Win32
		{734F3257-0F31-4277-91D3-2D275DB0D012}.Release|Win32.ActiveCfg = Release|Win32
		{734F3257-0F31-4277-91D3-2D275DB0D012}.Release|Win32.Build.0 = Release|Win32
		{4D15707F-5017-457B-8FD0-9706FCB86F4E}.Debug|Win32.ActiveCfg = ES2_IMG_Debug|Win32
		{4D15707F-5017-457B-8FD0-9706FCB86F4E}.Debug|Win32.Build.0 = ES2_IMG_Debug|Win32
		{4D15707F-5017-457B-8FD0-9706FCB86F4E}.ES1_IMG_Debug|Win32.ActiveCfg = ES2_IMG_Release|Win32
		{4D15707F-5017-457B-8FD0-9706FCB86F4E}.ES1_IMG_Release|Win32.ActiveCfg = ES2_IMG_Release|Win32
		{4D15707F-5017-457B-8FD0-9706FCB86F4E}.ES2_IMG_Debug|Win32.ActiveCfg = ES2_IMG_Debug|Win32
		{4D15707F-5017-457B-8FD0-9706FCB86F4E}.ES2_IMG_Debug|Win32.Build.0 = ES2_IMG_Debug|Win32
		{4D15707F-5017-457B-8FD0-9706FCB86F4E}.ES2_IMG_Release|Win32.ActiveCfg = ES2_IMG_Release|Win32
		{4D15707F-5017-457B-8FD0-9706FCB86F4E}.ES2_IMG_Release|Win32.Build.0 = ES2_IMG_Release|Win32
		{4D15707F-5017-457B-8FD0-9706FCB86F4E}.GL_21_Debug|Win32.ActiveCfg = GL_21_Debug|Win32
		{4D15707F-5017-457B-8FD0-9706FCB86F4E}.GL_21_Debug|Win32.Build.0 = GL_21_Debug|Win32
		{4D15707F-5017-457B-8FD0-9706FCB86F4E}.GL_21_Release|Win32.ActiveCfg = GL_21_Release|Win32
		{4D15707F-5017-457B-8FD0-9706FCB86F4E}.GL_21_Release|Win32.Build.0 = GL_21_Release|Win32
		{4D15707F-5017-457B-8FD0-9706FCB86F4E}.GL_32_Release|Win32.ActiveCfg = GL_32_Release|Win32
		{4D15707F-5017-457B-8FD0-9706FCB86F4E}.GL_32_Release|Win32.Build.0 = GL_32_Release|Win32
		{4D15707F-5017-457B-8FD0-9706FCB86F4E}.OpenVG_RI_Release|Win32.ActiveCfg = GL_21_Release|Win32
		{4D15707F-5017-457B-8FD0-9706FCB86F4E}.OpenVG_RI_Release|Win32.Build.0 = GL_21_Release|Win32
		{4D15707F-5017-457B-8FD0-9706FCB86F4E}.Release|Win32.ActiveCfg = ES2_IMG_Release|Win32
		{4D15707F-5017-457B-8FD0-9706FCB86F4E}.Release|Win32.Build.0 = ES2_IMG_Release|Win32
		{D5029AB4-9494-4EA8-B77D-DB1F442254F7}.Debug|Win32.ActiveCfg = Debug|Win32
		{D5029AB4-9494-4EA8-B77D-DB1F442254F7}.ES1_IMG_Debug|Win32.ActiveCfg = ES1_IMG_Debug|Win32
		{D5029AB4-9494-4EA8-B77D-DB1F442254F7}.ES1_IMG_Release|Win32.ActiveCfg = ES1_IMG_Release|Win32
		{D5029AB4-9494-4EA8-B77D-DB1F442254F7}.ES2_IMG_Debug|Win32.ActiveCfg = ES2_IMG_Debug|Win32
		{D5029AB4-9494-4EA8-B77D-DB1F442254F7}.ES2_IMG_Release|Win32.ActiveCfg = ES2_IMG_Release|Win32
		{D5029AB4-9494-4EA8-B77D-DB1F442254F7}.GL_21_Debug|Win32.ActiveCfg = GL_21_Debug|Win32
		{D5029AB4-9494-4EA8-B77D-DB1F442254F7}.GL_21_Release|Win32.ActiveCfg = GL_21_Release|Win32
		{D5029AB4-9494-4EA8-B77D-DB1F442254F7}.GL_32_Release|Win32.ActiveCfg = Release|Win32
		{D5029AB4-9494-4EA8-B77D-DB1F442254F7}.GL_32_Release|Win32.Build.0 = Release|Win32
		{D5029AB4-9494-4EA8-B77D-DB1F442254F7}.OpenVG_RI_Release|Win32.ActiveCfg = OpenVG_RI_Release|Win32
		{D5029AB4-9494-4EA8-B77D-DB1F442254F7}.Release|Win32.ActiveCfg = Release|Win32
		{070B23E5-AB93-44BC-9744-E9C5393A406D}.Debug|Win32.ActiveCfg = ES2_IMG_Debug|Win32
		{070B23E5-AB93-44BC-9744-E9C5393A406D}.Debug|Win32.Build.0 = ES2_IMG_Debug|Win32
		{070B23E5-AB93-44BC-9744-E9C5393A406D}.ES1_IMG_Debug|Win32.ActiveCfg = ES2_IMG_Debug|Win32
		{070B23E5-AB93-44BC-9744-E9C5393A406D}.ES1_IMG_Release|Win32.ActiveCfg = ES2_IMG_Release|Win32
		{070B23E5-AB93-44BC-9744-E9C5393A406D}.ES2_IMG_Debug|Win32.ActiveCfg = ES2_IMG_Debug|Win32
		{070B23E5-AB93-44BC-9744-E9C5393A406D}.ES2_IMG_Debug|Win32.Build.0 = ES2_IMG_Debug|Win32
		{070B23E5-AB93-44BC-9744-E9C5393A406D}.ES2_IMG_Release|Win32.ActiveCfg = ES2_IMG_Release|Win32
		{070B23E5-AB93-44BC-9744-E9C5393A406D}.ES2_IMG_Release|Win32.Build.0 = ES2_IMG_Release|Win32
		{070B23E5-AB93-44BC-9744-E9C5393A406D}.GL_21_Debug|Win32.ActiveCfg = GL_21_Debug|Win32
		{070B23E5-AB93-44BC-9744-E9C5393A406D}.GL_21_Debug|Win32.Build.0 = GL_21_Debug|Win32
		{070B23E5-AB93-44BC-9744-E9C5393A406D}.GL_21_Release|Win32.ActiveCfg = GL_21_Release|Win32
		{070B23E5-AB93-44BC-9744-E9C5393A406D}.GL_21_Release|Win32.Build.0 = GL_21_Release|Win32
		{070B23E5-AB93-44BC-9744-E9C5393A406D}.GL_32_Release|Win32.ActiveCfg = GL_32_Release|Win32
		{070B23E5-AB93-44BC-9744-E9C5393A406D}.GL_32_Release|Win32.Build.0 = GL_32_Release|Win32
		{070B23E5-AB93-44BC-9744-E9C5393A406D}.OpenVG_RI_Release|Win32.ActiveCfg = ES2_IMG_Release|Win32
		{070B23E5-AB93-44BC-9744-E9C5393A406D}.OpenVG_RI_Release|Win32.Build.0 = ES2_IMG_Release|Win32
		{070B23E5-AB93-44BC-9744-E9C5393A406D}.Release|Win32.ActiveCfg = ES2_IMG_Release|Win32
		{070B23E5-AB93-44BC-9744-E9C5393A406D}.Release|Win32.Build.0 = ES2_IMG_Release|Win32
		{7FF2B000-B177-4CFA-AD96-F42305E37521}.Debug|Win32.ActiveCfg = ES1_IMG_Debug|Win32
		{7FF2B000-B177-4CFA-AD96-F42305E37521}.Debug|Win32.Build.0 = ES1_IMG_Debug|Win32
		{7FF2B000-B177-4CFA-AD96-F42305E37521}.ES1_IMG_Debug|Win32.ActiveCfg = ES1_IMG_Debug|Win32
		{7FF2B000-B177-4CFA-AD96-F42305E37521}.ES1_IMG_Debug|Win32.Build.0 = ES1_IMG_Debug|Win32
		{7FF2B000-B177-4CFA-AD96-F42305E37521}.ES1_IMG_Release|Win32.ActiveCfg = ES1_IMG_Release|Win32
		{7FF2B000-B177-4CFA-AD96-F42305E37521}.ES1_IMG_Release|Win32.Build.0 = ES1_IMG_Release|Win32
		{7FF2B000-B177-4CFA-AD96-F42305E37521}.ES2_IMG_Debug|Win32.ActiveCfg = ES2_IMG_Debug|Win32
		{7FF2B000-B177-4CFA-AD96-F42305E37521}.ES2_IMG_Debug|Win32.Build.0 = ES2_IMG_Debug|Win32
		{7FF2B000-B177-4CFA-AD96-F42305E37521}.ES2_IMG_Release|Win32.ActiveCfg = ES2_IMG_Release|Win32
		{7FF2B000-B177-4CFA-AD96-F42305E37521}.ES2_IMG_Release|Win32.Build.0 = ES2_IMG_Release|Win32
		{7FF2B000-B177-4CFA-AD96-F42305E37521}.GL_21_Debug|Win32.ActiveCfg = GL_21_Debug|Win32
		{7FF2B000-B177-4CFA-AD96-F42305E37521}.GL_21_Debug|Win32.Build.0 = GL_21_Debug|Win32
		{7FF2B000-B177-4CFA-AD96-F42305E37521}.GL_21_Release|Win32.ActiveCfg = GL_21_Release|Win32
		{7FF2B000-B177-4CFA-AD96-F42305E37521}.GL_21_Release|Win32.Build.0 = GL_21_Release|Win32
		{7FF2B000-B177-4CFA-AD96-F42305E37521}.GL_32_Release|Win32.ActiveCfg = GL_21_Release|Win32
		{7FF2B000-B177-4CFA-AD96-F42305E37521}.GL_32_Release|Win32.Build.0 = GL_21_Release|Win32
		{7FF2B000-B177-4CFA-AD96-F42305E37521}.OpenVG_RI_Release|Win32.ActiveCfg = ES1_IMG_Release|Win32
		{7FF2B000-B177-4CFA-AD96-F42305E37521}.OpenVG_RI_Release|Win32.Build.0 = ES1_IMG_Release|Win32
		{7FF2B000-B177-4CFA-AD96-F42305E37521}.Release|Win32.ActiveCfg = ES1_IMG_Release|Win32
		{7FF2B000-B177-4CFA-AD96-F42305E37521}.Release|Win32.Build.0 = ES1_IMG_Release|Win32
		{984A9294-A24F-4646-B05F-D93AA740CC71}.Debug|Win32.ActiveCfg = ES2_IMG_Debug|Win32
		{984A9294-A24F-4646-B05F-D93AA740CC71}.Debug|Win32.Build.0 = ES2_IMG_Debug|Win32
		{984A9294-A24F-4646-B05F-D93AA740CC71}.ES1_IMG_Debug|Win32.ActiveCfg = ES1_IMG_Debug|Win32
		{984A9294-A24F-4646-B05F-D93AA740CC71}.ES1_IMG_Debug|Win32.Build.0 = ES1_IMG_Debug|Win32
		{984A9294-A24F-4646-B05F-D93AA740CC71}.ES1_IMG_Release|Win32.ActiveCfg = ES1_IMG_Release|Win32
		{984A9294-A24F-4646-B05F-D93AA740CC71}.ES1_IMG_Release|Win32.Build.0 = ES1_IMG_Release|Win32
		{984A9294-A24F-4646-B05F-D93AA740CC71}.ES2_IMG_Debug|Win32.ActiveCfg = ES2_IMG_Debug|Win32
		{984A9294-A24F-4646-B05F-D93AA740CC71}.ES2_IMG_Debug|Win32.Build.0 = ES2_IMG_Debug|Win32
		{984A9294-A24F-4646-B05F-D93AA740CC71}.ES2_IMG_Release|Win32.ActiveCfg = ES2_IMG_Release|Win32
		{984A9294-A24F-4646-B05F-D93AA740CC71}.ES2_IMG_Release|Win32.Build.0 = ES2_IMG_Release|Win32
		{984A9294-A24F-4646-B05F-D93AA740CC71}.GL_21_Debug|Win32.ActiveCfg = GL_21_Debug|Win32
		{984A9294-A24F-4646-B05F-D93AA740CC71}.GL_21_Debug|Win32.Build.0 = GL_21_Debug|Win32
		{984A9294-A24F-4646-B05F-D93AA740CC71}.GL_21_Release|Win32.ActiveCfg = GL_21_Release|Win32
		{984A9294-A24F-4646-B05F-D93AA740CC71}.GL_21_Release|Win32.Build.0 = GL_21_Release|Win32
		{984A9294-A24F-4646-B05F-D93AA740CC71}.GL_32_Release|Win32.ActiveCfg = GL_32_Release|Win32
		{984A9294-A24F-4646-B05F-D93AA740CC71}.GL_32_Release|Win32.Build.0 = GL_32_Release|Win32
		{984A9294-A24F-4646-B05F-D93AA740CC71}.OpenVG_RI_Release|Win32.ActiveCfg = ES2_IMG_Release|Win32
		{984A9294-A24F-4646-B05F-D93AA740CC71}.OpenVG_RI_Release|Win32.Build.0 = ES2_IMG_Release|Win32
		{984A9294-A24F-4646-B05F-D93AA740CC71}.Release|Win32.ActiveCfg = ES2_IMG_Release|Win32
		{984A9294-A24F-4646-B05F-D93AA740CC71}.Release|Win32.Build.0 = ES2_IMG_Release|Win32
		{1C20EC19-297A-47FE-8340-01C22DE85B00}.Debug|Win32.ActiveCfg = ES2_IMG_Debug|Win32
		{1C20EC19-297A-47FE-8340-01C22DE85B00}.Debug|Win32.Build.0 = ES2_IMG_Debug|Win32
		{1C20EC19-297A-47FE-8340-01C22DE85B00}.ES1_IMG_Debug|Win32.ActiveCfg = ES1_IMG_Debug|Win32
		{1C20EC19-297A-47FE-8340-01C22DE85B00}.ES1_IMG_Debug|Win32.Build.0 = ES1_IMG_Debug|Win32
		{1C20EC19-297A-47FE-8340-01C22DE85B00}.ES1_IMG_Release|Win32.ActiveCfg = ES1_IMG_Release|Win32
		{1C20EC19-297A-47FE-8340-01C22DE85B00}.ES1_IMG_Release|Win32.Build.0 = ES1_IMG_Release|Win32
		{1C20EC19-297A-47FE-8340-01C22DE85B00}.ES2_IMG_Debug|Win32.ActiveCfg = ES2_IMG_Debug|Win32
		{1C20EC19-297A-47FE-8340-01C22DE85B00}.ES2_IMG_Debug|Win32.Build.0 = ES2_IMG_Debug|Win32
		{1C20EC19-297A-47FE-8340-01C22DE85B00}.ES2_IMG_Release|Win32.ActiveCfg = ES2_IMG_Release|Win32
		{1C20EC19-297A-47FE-8340-01C22DE85B00}.ES2_IMG_Release|Win32.Build.0 = ES2_IMG_Release|Win32
		{1C20EC19-297A-47FE-8340-01C22DE85B00}.GL_21_Debug|Win32.ActiveCfg = GL_21_Debug|Win32
		{1C20EC19-297A-47FE-8340-01C22DE85B00}.GL_21_Debug|Win32.Build.0 = GL_21_Debug|Win32
		{1C20EC19-297A-47FE-8340-01C22DE85B00}.GL_21_Release|Win32.ActiveCfg = GL_21_Release|Win32
		{1C20EC19-297A-47FE-8340-01C22DE85B00}.GL_21_Release|Win32.Build.0 = GL_21_Release|Win32
		{1C20EC19-297A-47FE-8340-01C22DE85B00}.GL_32_Release|Win32.ActiveCfg = GL_32_Release|Win32
		{1C20EC19-297A-47FE-8340-01C22DE85B00}.GL_32_Release|Win32.Build.0 = GL_32_Release|Win32
		{1C20EC19-297A-47FE-8340-01C22DE85B00}.OpenVG_RI_Release|Win32.ActiveCfg = ES2_IMG_Release|Win32
		{1C20EC19-297A-47FE-8340-01C22DE85B00}.OpenVG_RI_Release|Win32.Build.0 = ES2_IMG_Release|Win32
		{1C20EC19-297A-47FE-8340-01C22DE85B00}.Release|Win32.ActiveCfg = ES2_IMG_Release|Win32
		{1C20EC19-297A-47FE-8340-01C22DE85B00}.Release|Win32.Build.0 = ES2_IMG_Release|Win32
		{33C3A851-25FD-47C8-AA28-868D12CEC07E}.Debug|Win32.ActiveCfg = ES2_IMG_Debug|Win32
		{33C3A851-25FD-47C8-AA28-868D12CEC07E}.Debug|Win32.Build.0 = ES2_IMG_Debug|Win32
		{33C3A851-25FD-47C8-AA28-868D12CEC07E}.ES1_IMG_Debug|Win32.ActiveCfg = ES1_IMG_Debug|Win32
		{33C3A851-25FD-47C8-AA28-868D12CEC07E}.ES1_IMG_Debug|Win32.Build.0 = ES1_IMG_Debug|Win32
		{33C3A851-25FD-47C8-AA28-868D12CEC07E}.ES1_IMG_Release|Win32.ActiveCfg = ES1_IMG_Release|Win32
		{33C3A851-25FD-47C8-AA28-868D12CEC07E}.ES1_IMG_Release|Win32.Build.0 = ES1_IMG_Release|Win32
		{33C3A851-25FD-47C8-AA28-868D12CEC07E}.ES2_IMG_Debug|Win32.ActiveCfg = ES2_IMG_Debug|Win32
		{33C3A851-25FD-47C8-AA28-868D12CEC07E}.ES2_IMG_Debug|Win32.Build.0 = ES2_IMG_Debug|Win32
		{33C3A851-25FD-47C8-AA28-868D12CEC07E}.ES2_IMG_Release|Win32.ActiveCfg = ES2_IMG_Release|Win32
		{33C3A851-25FD-47C8-AA28-868D12CEC07E}.ES2_IMG_Release|Win32.Build.0 = ES2_IMG_Release|Win32
		{33C3A851-25FD-47C8-AA28-868D12CEC07E}.GL_21_Debug|Win32.ActiveCfg = GL_21_Debug|Win32
		{33C3A851-25FD-47C8-AA28-868D12CEC07E}.GL_21_Debug|Win32.Build.0 = GL_21_Debug|Win32
		{33C3A851-25FD-47C8-AA28-868D12CEC07E}.GL_21_Release|Win32.ActiveCfg = GL_21_Release|Win32
		{33C3A851-25FD-47C8-AA28-868D12CEC07E}.GL_21_Release|Win32.Build.0 = GL_21_Release|Win32
		{33C3A851-25FD-47C8-AA28-868D12CEC07E}.GL_32_Release|Win32.ActiveCfg = GL_32_Release|Win32
		{33C3A851-25FD-47C8-AA28-868D12CEC07E}.GL_32_Release|Win32.Build.0 = GL_32_Release|Win32
		{33C3A851-25FD-47C8-AA28-868D12CEC07E}.OpenVG_RI_Release|Win32.ActiveCfg = ES2_IMG_Release|Win32
		{33C3A851-25FD-47C8-AA28-868D12CEC07E}.OpenVG_RI_Release|Win32.Build.0 = ES2_IMG_Release|Win32
		{33C3A851-25FD-47C8-AA28-868D12CEC07E}.Release|Win32.ActiveCfg = ES2_IMG_Release|Win32
		{33C3A851-25FD-47C8-AA28-868D12CEC07E}.Release|Win32.Build.0 = ES2_IMG_Release|Win32
		{9ECEC65E-988E-44FA-B1C0-7C9681F199ED}.Debug|Win32.ActiveCfg = ES2_IMG_Debug|Win32
		{9ECEC65E-988E-44FA-B1C0-7C9681F199ED}.Debug|Win32.Build.0 = ES2_IMG_Debug|Win32
		{9ECEC65E-988E-44FA-B1C0-7C9681F199ED}.ES1_IMG_Debug|Win32.ActiveCfg = ES1_IMG_Debug|Win32
		{9ECEC65E-988E-44FA-B1C0-7C9681F199ED}.ES1_IMG_Debug|Win32.Build.0 = ES1_IMG_Debug|Win32
		{9ECEC65E-988E-44FA-B1C0-7C9681F199ED}.ES1_IMG_Release|Win32.ActiveCfg = ES1_IMG_Release|Win32
		{9ECEC65E-988E-44FA-B1C0-7C9681F199ED}.ES1_IMG_Release|Win32.Build.0 = ES1_IMG_Release|Win32
		{9ECEC65E-988E-44FA-B1C0-7C9681F199ED}.ES2_IMG_Debug|Win32.ActiveCfg = ES2_IMG_Debug|Win32
		{9ECEC65E-988E-44FA-B1C0-7C9681F199ED}.ES2_IMG_Debug|Win32.Build.0 = ES2_IMG_Debug|Win32
		{9ECEC65E-988E-44FA-B1C0-7C9681F199ED}.ES2_IMG_Release|Win32.ActiveCfg = ES2_IMG_Release|Win32
		{9ECEC65E-988E-44FA-B1C0-7C9681F199ED}.ES2_IMG_Release|Win32.Build.0 = ES2_IMG_Release|Win32
		{9ECEC65E-988E-44FA-B1C0-7C9681F199ED}.GL_21_Debug|Win32.ActiveCfg = GL_21_Debug|Win32
		{9ECEC65E-988E-44FA-B1C0-7C9681F199ED}.GL_21_Debug|Win32.Build.0 = GL_21_Debug|Win32
		{9ECEC65E-988E-44FA-B1C0-7C9681F199ED}.GL_21_Release|Win32.ActiveCfg = GL_21_Release|Win32
		{9ECEC65E-988E-44FA-B1C0-7C9681F199ED}.GL_21_Release|Win32.Build.0 = GL_21_Release|Win32
		{9ECEC65E-988E-44FA-B1C0-7C9681F199ED}.GL_32_Release|Win32.ActiveCfg = GL_32_Release|Win32
		{9ECEC65E-988E-44FA-B1C0-7C9681F199ED}.GL_32_Release|Win32.Build.0 = GL_32_Release|Win32
		{9ECEC65E-988E-44FA-B1C0-7C9681F199ED}.OpenVG_RI_Release|Win32.ActiveCfg = ES2_IMG_Release|Win32
		{9ECEC65E-988E-44FA-B1C0-7C9681F199ED}.OpenVG_RI_Release|Win32.Build.0 = ES2_IMG_Release|Win32
		{9ECEC65E-988E-44FA-B1C0-7C9681F199ED}.Release|Win32.ActiveCfg = ES2_IMG_Release|Win32
		{9ECEC65E-988E-44FA-B1C0-7C9681F199ED}.Release|Win32.Build.0 = ES2_IMG_Release|Win32
		{F798A83C-9AFE-44DD-8A10-C6F03D4692BD}.Debug|Win32.ActiveCfg = ES2_IMG_Debug|Win32
		{F798A83C-9AFE-44DD-8A10-C6F03D4692BD}.Debug|Win32.Build.0 = ES2_IMG_Debug|Win32
		{F798A83C-9AFE-44DD-8A10-C6F03D4692BD}.ES1_IMG_Debug|Win32.ActiveCfg = ES1_IMG_Debug|Win32
		{F798A83C-9AFE-44DD-8A10-C6F03D4692BD}.ES1_IMG_Debug|Win32.Build.0 = ES1_IMG_Debug|Win32
		{F798A83C-9AFE-44DD-8A10-C6F03D4692BD}.ES1_IMG_Release|Win32.ActiveCfg = ES1_IMG_Release|Win32
		{F798A83C-9AFE-44DD-8A10-C6F03D4692BD}.ES1_IMG_Release|Win32.Build.0 = ES1_IMG_Release|Win32
		{F798A83C-9AFE-44DD-8A10-C6F03D4692BD}.ES2_IMG_Debug|Win32.ActiveCfg = ES2_IMG_Debug|Win32
		{F798A83C-9AFE-44DD-8A10-C6F03D4692BD}.ES2_IMG_Debug|Win32.Build.0 = ES2_IMG_Debug|Win32
		{F798A83C-9AFE-44DD-8A10-C6F03D4692BD}.ES2_IMG_Release|Win32.ActiveCfg = ES2_IMG_Release|Win32
		{F798A83C-9AFE-44DD-8A10-C6F03D4692BD}.ES2_IMG_Release|Win32.Build.0 = ES2_IMG_Release|Win32
		{F798A83C-9AFE-44DD-8A10-C6F03D4692BD}.GL_21_Debug|Win32.ActiveCfg = GL_21_Debug|Win32
		{F798A83C-9AFE-44DD-8A10-C6F03D4692BD}.GL_21_Debug|Win32.Build.0 = GL_21_Debug|Win32
		{F798A83C-9AFE-44DD-8A10-C6F03D4692BD}.GL_21_Release|Win32.ActiveCfg = GL_21_Release|Win32
		{F798A83C-9AFE-44DD-8A10-C6F03D4692BD}.GL_21_Release|Win32.Build.0 = GL_21_Release|Win32
		{F798A83C-9AFE-44DD-8A10-C6F03D4692BD}.GL_32_Release|Win32.ActiveCfg = GL_32_Release|Win32
		{F798A83C-9AFE-44DD-8A10-C6F03D4692BD}.GL_32_Release|Win32.Build.0 = GL_32_Release|Win32
		{F798A83C-9AFE-44DD-8A10-C6F03D4692BD}.OpenVG_RI_Release|Win32.ActiveCfg = ES2_IMG_Release|Win32
		{F798A83C-9AFE-44DD-8A10-C6F03D4692BD}.OpenVG_RI_Release|Win32.Build.0 = ES2_IMG_Release|Win32
		{F798A83C-9AFE-44DD-8A10-C6F03D4692BD}.Release|Win32.ActiveCfg = ES2_IMG_Release|Win32
		{F798A83C-9AFE-44DD-8A10-C6F03D4692BD}.Release|Win32.Build.0 = ES2_IMG_Release|Win32
		{B6D20DA8-0F38-4B90-B3E3-72A05B5006C3}.Debug|Win32.ActiveCfg = ES2_IMG_Debug|Win32
		{B6D20DA8-0F38-4B90-B3E3-72A05B5006C3}.Debug|Win32.Build.0 = ES2_IMG_Debug|Win32
		{B6D20DA8-0F38-4B90-B3E3-72A05B5006C3}.ES1_IMG_Debug|Win32.ActiveCfg = ES1_IMG_Debug|Win32
		{B6D20DA8-0F38-4B90-B3E3-72A05B5006C3}.ES1_IMG_Debug|Win32.Build.0 = ES1_IMG_Debug|Win32
		{B6D20DA8-0F38-4B90-B3E3-72A05B5006C3}.ES1_IMG_Release|Win32.ActiveCfg = ES1_IMG_Release|Win32
		{B6D20DA8-0F38-4B90-B3E3-72A05B5006C3}.ES1_IMG_Release|Win32.Build.0 = ES1_IMG_Release|Win32
		{B6D20DA8-0F38-4B90-B3E3-72A05B5006C3}.ES2_IMG_Debug|Win32.ActiveCfg = ES2_IMG_Debug|Win32
		{B6D20DA8-0F38-4B90-B3E3-72A05B5006C3}.ES2_IMG_Debug|Win32.Build.0 = ES2_IMG_Debug|Win32
		{B6D20DA8-0F38-4B90-B3E3-72A05B5006C3}.ES2_IMG_Release|Win32.ActiveCfg = ES2_IMG_Release|Win32
		{B6D20DA8-0F38-4B90-B3E3-72A05B5006C3}.ES2_IMG_Release|Win32.Build.0 = ES2_IMG_Release|Win32
		{B6D20DA8-0F38-4B90-B3E3-72A05B5006C3}.GL_21_Debug|Win32.ActiveCfg = GL_21_Debug|Win32
		{B6D20DA8-0F38-4B90-B3E3-72A05B5006C3}.GL_21_Debug|Win32.Build.0 = GL_21_Debug|Win32
		{B6D20DA8-0F38-4B90-B3E3-72A05B5006C3}.GL_21_Release|Win32.ActiveCfg = GL_21_Release|Win32
		{B6D20DA8-0F38-4B90-B3E3-72A05B5006C3}.GL_21_Release|Win32.Build.0 = GL_21_Release|Win32
		{B6D20DA8-0F38-4B90-B3E3-72A05B5006C3}.GL_32_Release|Win32.ActiveCfg = GL_32_Release|Win32
		{B6D20DA8-0F38-4B90-B3E3-72A05B5006C3}.GL_32_Release|Win32.Build.0 = GL_32_Release|Win32
		{B6D20DA8-0F38-4B90-B3E3-72A05B5006C3}.OpenVG_RI_Release|Win32.ActiveCfg = ES2_IMG_Release|Win32
		{B6D20DA8-0F38-4B90-B3E3-72A05B5006C3}.OpenVG_RI_Release|Win32.Build.0 = ES2_IMG_Release|Win32
		{B6D20DA8-0F38-4B90-B3E3-72A05B5006C3}.Release|Win32.ActiveCfg = ES2_IMG_Release|Win32
		{B6D20DA8-0F38-4B90-B3E3-72A05B5006C3}.Release|Win32.Build.0 = ES2_IMG_Release|Win32
		{F3B6FF5A-9A41-4EA2-A03C-83F1E0C8590C}.Debug|Win32.ActiveCfg = ES2_IMG_Debug|Win32
		{F3B6FF5A-9A41-4EA2-A03C-83F1E0C8590C}.Debug|Win32.Build.0 = ES2_IMG_Debug|Win32
		{F3B6FF5A-9A41-4EA2-A03C-83F1E0C8590C}.ES1_IMG_Debug|Win32.ActiveCfg = ES1_IMG_Debug|Win32
		{F3B6FF5A-9A41-4EA2-A03C-83F1E0C8590C}.ES1_IMG_Debug|Win32.Build.0 = ES1_IMG_Debug|Win32
		{F3B6FF5A-9A41-4EA2-A03C-83F1E0C8590C}.ES1_IMG_Release|Win32.ActiveCfg = ES1_IMG_Release|Win32
		{F3B6FF5A-9A41-4EA2-A03C-83F1E0C8590C}.ES1_IMG_Release|Win32.Build.0 = ES1_IMG_Release|Win32
		{F3B6FF5A-9A41-4EA2-A03C-83F1E0C8590C}.ES2_IMG_Debug|Win32.ActiveCfg = ES2_IMG_Debug|Win32
		{F3B6FF5A-9A41-4EA2-A03C-83F1E0C8590C}.ES2_IMG_Debug|Win32.Build.0 = ES2_IMG_Debug|Win32
		{F3B6FF5A-9A41-4EA2-A03C-83F1E0C8590C}.ES2_IMG_Release|Win32.ActiveCfg = ES2_IMG_Release|Win32
		{F3B6FF5A-9A41-4EA2-A03C-83F1E0C8590C}.ES2_IMG_Release|Win32.Build.0 = ES2_IMG_Release|Win32
		{F3B6FF5A-9A41-4EA2-A03C-83F1E0C8590C}.GL_21_Debug|Win32.ActiveCfg = GL_21_Debug|Win32
		{F3B6FF5A-9A41-4EA2-A03C-83F1E0C8590C}.GL_21_Debug|Win32.Build.0 = GL_21_Debug|Win32
		{F3B6FF5A-9A41-4EA2-A03C-83F1E0C8590C}.GL_21_Release|Win32.ActiveCfg = GL_21_Release|Win32
		{F3B6FF5A-9A41-4EA2-A03C-83F1E0C8590C}.GL_21_Release|Win32.Build.0 = GL_21_Release|Win32
		{F3B6FF5A-9A41-4EA2-A03C-83F1E0C8590C}.GL_32_Release|Win32.ActiveCfg = GL_32_Release|Win32
		{F3B6FF5A-9A41-4EA2-A03C-83F1E0C8590C}.GL_32_Release|Win32.Build.0 = GL_32_Release|Win32
		{F3B6FF5A-9A41-4EA2-A03C-83F1E0C8590C}.OpenVG_RI_Release|Win32.ActiveCfg = ES2_IMG_Release|Win32
		{F3B6FF5A-9A41-4EA2-A03C-83F1E0C8590C}.OpenVG_RI_Release|Win32.Build.0 = ES2_IMG_Release|Win32
		{F3B6FF5A-9A41-4EA2-A03C-83F1E0C8590C}.Release|Win32.ActiveCfg = ES2_IMG_Release|Win32
		{F3B6FF5A-9A41-4EA2-A03C-83F1E0C8590C}.Release|Win32.Build.0 = ES2_IMG_Release|Win32
		{931A8A44-4096-4D6C-AAE0-E78075B83CAE}.Debug|Win32.ActiveCfg = ES2_IMG_Debug|Win32
		{931A8A44-4096-4D6C-AAE0-E78075B83CAE}.Debug|Win32.Build.0 = ES2_IMG_Debug|Win32
		{931A8A44-4096-4D6C-AAE0-E78075B83CAE}.ES1_IMG_Debug|Win32.ActiveCfg = ES1_IMG_Debug|Win32
		{931A8A44-4096-4D6C-AAE0-E78075B83CAE}.ES1_IMG_Debug|Win32.Build.0 = ES1_IMG_Debug|Win32
		{931A8A44-4096-4D6C-AAE0-E78075B83CAE}.ES1_IMG_Release|Win32.ActiveCfg = ES1_IMG_Release|Win32
		{931A8A44-4096-4D6C-AAE0-E78075B83CAE}.ES1_IMG_Release|Win32.Build.0 = ES1_IMG_Release|Win32
		{931A8A44-4096-4D6C-AAE0-E78075B83CAE}.ES2_IMG_Debug|Win32.ActiveCfg = ES2_IMG_Debug|Win32
		{931A8A44-4096-4D6C-AAE0-E78075B83CAE}.ES2_IMG_Debug|Win32.Build.0 = ES2_IMG_Debug|Win32
		{931A8A44-4096-4D6C-AAE0-E78075B83CAE}.ES2_IMG_Release|Win32.ActiveCfg = ES2_IMG_Release|Win32
		{931A8A44-4096-4D6C-AAE0-E78075B83CAE}.ES2_IMG_Release|Win32.Build.0 = ES2_IMG_Release|Win32
		{931A8A44-4096-4D6C-AAE0-E78075B83CAE}.GL_21_Debug|Win32.ActiveCfg = GL_21_Debug|Win32
		{931A8A44-4096-4D6C-AAE0-E78075B83CAE}.GL_21_Debug|Win32.Build.0 = GL_21_Debug|Win32
		{931A8A44-4096-4D6C-AAE0-E78075B83CAE}.GL_21_Release|Win32.ActiveCfg = GL_21_Release|Win32
		{931A8A44-4096-4D6C-AAE0-E78075B83CAE}.GL_21_Release|Win32.Build.0 = GL_21_Release|Win32
		{931A8A44-4096-4D6C-AAE0-E78075B83CAE}.GL_32_Release|Win32.ActiveCfg = GL_32_Release|Win32
		{931A8A44-4096-4D6C-AAE0-E78075B83CAE}.GL_32_Release|Win32.Build.0 = GL_32_Release|Win32
		{931A8A44-4096-4D6C-AAE0-E78075B83CAE}.OpenVG_RI_Release|Win32.ActiveCfg = ES2_IMG_Release|Win32
		{931A8A44-4096-4D6C-AAE0-E78075B83CAE}.OpenVG_RI_Release|Win32.Build.0 = ES2_IMG_Release|Win32
		{931A8A44-4096-4D6C-AAE0-E78075B83CAE}.Release|Win32.ActiveCfg = ES2_IMG_Release|Win32
		{931A8A44-4096-4D6C-AAE0-E78075B83CAE}.Release|Win32.Build.0 = ES2_IMG_Release|Win32
		{DC203BEB-7122-47B7-A710-D7046D28FC6B}.Debug|Win32.ActiveCfg = ES1_IMG_Debug|Win32
		{DC203BEB-7122-47B7-A710-D7046D28FC6B}.Debug|Win32.Build.0 = ES1_IMG_Debug|Win32
		{DC203BEB-7122-47B7-A710-D7046D28FC6B}.ES1_IMG_Debug|Win32.ActiveCfg = ES1_IMG_Debug|Win32
		{DC203BEB-7122-47B7-A710-D7046D28FC6B}.ES1_IMG_Debug|Win32.Build.0 = ES1_IMG_Debug|Win32
		{DC203BEB-7122-47B7-A710-D7046D28FC6B}.ES1_IMG_Release|Win32.ActiveCfg = ES1_IMG_Release|Win32
		{DC203BEB-7122-47B7-A710-D7046D28FC6B}.ES1_IMG_Release|Win32.Build.0 = ES1_IMG_Release|Win32
		{DC203BEB-7122-47B7-A710-D7046D28FC6B}.ES2_IMG_Debug|Win32.ActiveCfg = ES2_IMG_Debug|Win32
		{DC203BEB-7122-47B7-A710-D7046D28FC6B}.ES2_IMG_Debug|Win32.Build.0 = ES2_IMG_Debug|Win32
		{DC203BEB-7122-47B7-A710-D7046D28FC6B}.ES2_IMG_Release|Win32.ActiveCfg = ES2_IMG_Release|Win32
		{DC203BEB-7122-47B7-A710-D7046D28FC6B}.ES2_IMG_Release|Win32.Build.0 = ES2_IMG_Release|Win32
		{DC203BEB-7122-47B7-A710-D7046D28FC6B}.GL_21_Debug|Win32.ActiveCfg = GL_21_Debug|Win32
		{DC203BEB-7122-47B7-A710-D7046D28FC6B}.GL_21_Debug|Win32.Build.0 = GL_21_Debug|Win32
		{DC203BEB-7122-47B7-A710-D7046D28FC6B}.GL_21_Release|Win32.ActiveCfg = GL_21_Release|Win32
		{DC203BEB-7122-47B7-A710-D7046D28FC6B}.GL_21_Release|Win32.Build.0 = GL_21_Release|Win32
		{DC203BEB-7122-47B7-A710-D7046D28FC6B}.GL_32_Release|Win32.ActiveCfg = GL_32_Release|Win32
		{DC203BEB-7122-47B7-A710-D7046D28FC6B}.GL_32_Release|Win32.Build.0 = GL_32_Release|Win32
		{DC203BEB-7122-47B7-A710-D7046D28FC6B}.OpenVG_RI_Release|Win32.ActiveCfg = ES1_IMG_Release|Win32
		{DC203BEB-7122-47B7-A710-D7046D28FC6B}.OpenVG_RI_Release|Win32.Build.0 = ES1_IMG_Release|Win32
		{DC203BEB-7122-47B7-A710-D7046D28FC6B}.Release|Win32.ActiveCfg = ES1_IMG_Release|Win32
		{DC203BEB-7122-47B7-A710-D7046D28FC6B}.Release|Win32.Build.0 = ES1_IMG_Release|Win32
		{593ED52E-4DFE-4D5D-954F-27022CBAD6C2}.Debug|Win32.ActiveCfg = GL_21_Debug|Win32
		{593ED52E-4DFE-4D5D-954F-27022CBAD6C2}.Debug|Win32.Build.0 = GL_21_Debug|Win32
		{593ED52E-4DFE-4D5D-954F-27022CBAD6C2}.ES1_IMG_Debug|Win32.ActiveCfg = ES1_IMG_Debug|Win32
		{593ED52E-4DFE-4D5D-954F-27022CBAD6C2}.ES1_IMG_Debug|Win32.Build.0 = ES1_IMG_Debug|Win32
		{593ED52E-4DFE-4D5D-954F-27022CBAD6C2}.ES1_IMG_Release|Win32.ActiveCfg = ES1_IMG_Release|Win32
		{593ED52E-4DFE-4D5D-954F-27022CBAD6C2}.ES1_IMG_Release|Win32.Build.0 = ES1_IMG_Release|Win32
		{593ED52E-4DFE-4D5D-954F-27022CBAD6C2}.ES2_IMG_Debug|Win32.ActiveCfg = ES2_IMG_Debug|Win32
		{593ED52E-4DFE-4D5D-954F-27022CBAD6C2}.ES2_IMG_Debug|Win32.Build.0 = ES2_IMG_Debug|Win32
		{593ED52E-4DFE-4D5D-954F-27022CBAD6C2}.ES2_IMG_Release|Win32.ActiveCfg = ES2_IMG_Release|Win32
		{593ED52E-4DFE-4D5D-954F-27022CBAD6C2}.ES2_IMG_Release|Win32.Build.0 = ES2_IMG_Release|Win32
		{593ED52E-4DFE-4D5D-954F-27022CBAD6C2}.GL_21_Debug|Win32.ActiveCfg = GL_21_Debug|Win32
		{593ED52E-4DFE-4D5D-954F-27022CBAD6C2}.GL_21_Debug|Win32.Build.0 = GL_21_Debug|Win32
		{593ED52E-4DFE-4D5D-954F-27022CBAD6C2}.GL_21_Release|Win32.ActiveCfg = GL_21_Release|Win32
		{593ED52E-4DFE-4D5D-954F-27022CBAD6C2}.GL_21_Release|Win32.Build.0 = GL_21_Release|Win32
		{593ED52E-4DFE-4D5D-954F-27022CBAD6C2}.GL_32_Release|Win32.ActiveCfg = GL_32_Release|Win32
		{593ED52E-4DFE-4D5D-954F-27022CBAD6C2}.GL_32_Release|Win32.Build.0 = GL_32_Release|Win32
		{593ED52E-4DFE-4D5D-954F-27022CBAD6C2}.OpenVG_RI_Release|Win32.ActiveCfg = GL_21_Release|Win32
		{593ED52E-4DFE-4D5D-954F-27022CBAD6C2}.OpenVG_RI_Release|Win32.Build.0 = GL_21_Release|Win32
		{593ED52E-4DFE-4D5D-954F-27022CBAD6C2}.Release|Win32.ActiveCfg = GL_21_Release|Win32
		{593ED52E-4DFE-4D5D-954F-27022CBAD6C2}.Release|Win32.Build.0 = GL_21_Release|Win32
		{DF93628F-AA88-4646-8CF4-DA27092949D7}.Debug|Win32.ActiveCfg = GL_21_Debug|Win32
		{DF93628F-AA88-4646-8CF4-DA27092949D7}.Debug|Win32.Build.0 = GL_21_Debug|Win32
		{DF93628F-AA88-4646-8CF4-DA27092949D7}.ES1_IMG_Debug|Win32.ActiveCfg = ES1_IMG_Debug|Win32
		{DF93628F-AA88-4646-8CF4-DA27092949D7}.ES1_IMG_Debug|Win32.Build.0 = ES1_IMG_Debug|Win32
		{DF93628F-AA88-4646-8CF4-DA27092949D7}.ES1_IMG_Release|Win32.ActiveCfg = ES1_IMG_Release|Win32
		{DF93628F-AA88-4646-8CF4-DA27092949D7}.ES1_IMG_Release|Win32.Build.0 = ES1_IMG_Release|Win32
		{DF93628F-AA88-4646-8CF4-DA27092949D7}.ES2_IMG_Debug|Win32.ActiveCfg = ES2_IMG_Debug|Win32
		{DF93628F-AA88-4646-8CF4-DA27092949D7}.ES2_IMG_Debug|Win32.Build.0 = ES2_IMG_Debug|Win32
		{DF93628F-AA88-4646-8CF4-DA27092949D7}.ES2_IMG_Release|Win32.ActiveCfg = ES2_IMG_Release|Win32
		{DF93628F-AA88-4646-8CF4-DA27092949D7}.ES2_IMG_Release|Win32.Build.0 = ES2_IMG_Release|Win32
		{DF93628F-AA88-4646-8CF4-DA27092949D7}.GL_21_Debug|Win32.ActiveCfg = GL_21_Debug|Win32
		{DF93628F-AA88-4646-8CF4-DA27092949D7}.GL_21_Debug|Win32.Build.0 = GL_21_Debug|Win32
		{DF93628F-AA88-4646-8CF4-DA27092949D7}.GL_21_Release|Win32.ActiveCfg = GL_21_Release|Win32
		{DF93628F-AA88-4646-8CF4-DA27092949D7}.GL_21_Release|Win32.Build.0 = GL_21_Release|Win32
		{DF93628F-AA88-4646-8CF4-DA27092949D7}.GL_32_Release|Win32.ActiveCfg = GL_32_Release|Win32
		{DF93628F-AA88-4646-8CF4-DA27092949D7}.GL_32_Release|Win32.Build.0 = GL_32_Release|Win32
		{DF93628F-AA88-4646-8CF4-DA27092949D7}.OpenVG_RI_Release|Win32.ActiveCfg = GL_21_Release|Win32
		{DF93628F-AA88-4646-8CF4-DA27092949D7}.OpenVG_RI_Release|Win32.Build.0 = GL_21_Release|Win32
		{DF93628F-AA88-4646-8CF4-DA27092949D7}.Release|Win32.ActiveCfg = GL_21_Release|Win32
		{DF93628F-AA88-4646-8CF4-DA27092949D7}.Release|Win32.Build.0 = GL_21_Release|Win32
	EndGlobalSection
	GlobalSection(SolutionProperties) = preSolution
		HideSolutionNode = FALSE
	EndGlobalSection
	GlobalSection(NestedProjects) = preSolution
		{2DB1F545-E8FA-471A-A652-3C1B511DAF13} = {62D4372B-F90E-4E38-9977-3532DCD55137}
		{A05F6AFE-F591-42B8-967E-B85C13285F67} = {62D4372B-F90E-4E38-9977-3532DCD55137}
		{87008A20-7C32-478B-94F6-FFC5D24EE936} = {62D4372B-F90E-4E38-9977-3532DCD55137}
		{2C30E615-E8A1-4337-A0A4-87608CA167E2} = {62D4372B-F90E-4E38-9977-3532DCD55137}
		{8A4C5008-975D-4F72-A37F-8A9F4E9809F8} = {E2D2576D-1724-4E7E-AC7C-FCBB9C5BE54B}
		{2A16AB5D-65CA-419F-BF94-BF4F10557951} = {E2D2576D-1724-4E7E-AC7C-FCBB9C5BE54B}
		{D5029AB4-9494-4EA8-B77D-DB1F442254F7} = {E2D2576D-1724-4E7E-AC7C-FCBB9C5BE54B}
		{734F3257-0F31-4277-91D3-2D275DB0D012} = {E770E099-1357-4FDB-90DA-985BCFB32F3F}
		{35DAA9DC-9EB1-4774-930F-56191E839573} = {27F43C0D-594E-4759-8BF9-7CB81157C49D}
		{BA4BB28E-11CE-41E1-90B8-57F79CFE07A1} = {27F43C0D-594E-4759-8BF9-7CB81157C49D}
		{7FF2B000-B177-4CFA-AD96-F42305E37521} = {27F43C0D-594E-4759-8BF9-7CB81157C49D}
		{B6A3A092-DB45-4A44-B46D-6F775FE65AF0} = {67F71211-9061-46B8-9491-C35CB70818AB}
		{D8F9AD16-98D5-4A5C-BB66-0EDAB3A14F38} = {67F71211-9061-46B8-9491-C35CB70818AB}
		{DC091D9B-8F97-4BAF-9B26-EA692C666C78} = {67F71211-9061-46B8-9491-C35CB70818AB}
		{DC1BA1E9-4434-42EA-8084-640C30395355} = {67F71211-9061-46B8-9491-C35CB70818AB}
		{EB30F474-9D6A-4995-97E4-A317D8DA966C} = {67F71211-9061-46B8-9491-C35CB70818AB}
		{27366BD1-F6BA-44DE-8C29-0B1CDCDD77D8} = {67F71211-9061-46B8-9491-C35CB70818AB}
		{987022E0-E222-42E7-8E26-9B024A4D7761} = {67F71211-9061-46B8-9491-C35CB70818AB}
		{A93869EA-F21C-4565-B26C-40D99E46F6A0} = {67F71211-9061-46B8-9491-C35CB70818AB}
		{6CB24255-6645-46B1-861A-1A1E391B8D65} = {67F71211-9061-46B8-9491-C35CB70818AB}
		{CBCA9AF5-A9CC-402E-8AA8-57BABDB0A9AA} = {67F71211-9061-46B8-9491-C35CB70818AB}
		{9DE365AF-84BD-4907-ABC7-5D0FF29A1A44} = {B6A3A092-DB45-4A44-B46D-6F775FE65AF0}
		{8DD397E1-78AF-483A-805D-E08F03F90A9D} = {D8F9AD16-98D5-4A5C-BB66-0EDAB3A14F38}
		{0DC8C279-EE44-4149-89DB-C72219C99917} = {DC091D9B-8F97-4BAF-9B26-EA692C666C78}
		{5A54B448-375E-40FA-B54B-A5D54AC2B7DB} = {DC091D9B-8F97-4BAF-9B26-EA692C666C78}
		{BA14E52B-B10F-4AFE-8007-2626075CFA52} = {DC1BA1E9-4434-42EA-8084-640C30395355}
		{984A9294-A24F-4646-B05F-D93AA740CC71} = {EB30F474-9D6A-4995-97E4-A317D8DA966C}
		{1C20EC19-297A-47FE-8340-01C22DE85B00} = {EB30F474-9D6A-4995-97E4-A317D8DA966C}
		{0E0E7277-FFC6-479B-9F2F-F4451D094E03} = {453D8066-A3EE-48F8-8563-6B0241838359}
		{47CC7865-01E1-4674-928D-05CC5D0AC274} = {453D8066-A3EE-48F8-8563-6B0241838359}
		{284A53EC-52AB-4031-B305-A4B8850AB9AC} = {453D8066-A3EE-48F8-8563-6B0241838359}
		{FD13C213-FD2E-41B7-B08A-507E2A861160} = {453D8066-A3EE-48F8-8563-6B0241838359}
		{D5A76A37-8CC6-46E1-9C4B-9ABF0A49B53F} = {453D8066-A3EE-48F8-8563-6B0241838359}
		{7E1D91B6-FE35-4E90-BB52-FC6C6978005E} = {453D8066-A3EE-48F8-8563-6B0241838359}
		{F52DD5CA-A8AC-4AE7-BB56-064858076247} = {453D8066-A3EE-48F8-8563-6B0241838359}
		{50EEF913-DD6F-4595-85E1-14B83F901E41} = {453D8066-A3EE-48F8-8563-6B0241838359}
		{4D15707F-5017-457B-8FD0-9706FCB86F4E} = {453D8066-A3EE-48F8-8563-6B0241838359}
		{33C3A851-25FD-47C8-AA28-868D12CEC07E} = {453D8066-A3EE-48F8-8563-6B0241838359}
		{9ECEC65E-988E-44FA-B1C0-7C9681F199ED} = {453D8066-A3EE-48F8-8563-6B0241838359}
		{146E724A-73D5-42A6-AF59-0F4B6E426F9F} = {453D8066-A3EE-48F8-8563-6B0241838359}
		{931A8A44-4096-4D6C-AAE0-E78075B83CAE} = {453D8066-A3EE-48F8-8563-6B0241838359}
		{DF93628F-AA88-4646-8CF4-DA27092949D7} = {453D8066-A3EE-48F8-8563-6B0241838359}
		{51DB52F8-D5F1-4DE3-8333-14D0BC63F759} = {987022E0-E222-42E7-8E26-9B024A4D7761}
		{070B23E5-AB93-44BC-9744-E9C5393A406D} = {A93869EA-F21C-4565-B26C-40D99E46F6A0}
		{B6D20DA8-0F38-4B90-B3E3-72A05B5006C3} = {146E724A-73D5-42A6-AF59-0F4B6E426F9F}
		{F3B6FF5A-9A41-4EA2-A03C-83F1E0C8590C} = {146E724A-73D5-42A6-AF59-0F4B6E426F9F}
		{F798A83C-9AFE-44DD-8A10-C6F03D4692BD} = {146E724A-73D5-42A6-AF59-0F4B6E426F9F}
		{DC203BEB-7122-47B7-A710-D7046D28FC6B} = {6CB24255-6645-46B1-861A-1A1E391B8D65}
		{593ED52E-4DFE-4D5D-954F-27022CBAD6C2} = {CBCA9AF5-A9CC-402E-8AA8-57BABDB0A9AA}
	EndGlobalSection
EndGlobal
