
Microsoft Visual Studio Solution File, Format Version 10.00
# Visual Studio 2008
Project("{8BC9CEB8-8B4A-11D0-8D11-00A0C91BC942}") = "openclbenchmark", "openclbenchmark.vcproj", "{C179A698-A821-40DE-9E3D-DB4C4C7F67E5}"
	ProjectSection(ProjectDependencies) = postProject
		{2C30E615-E8A1-4337-A0A4-87608CA167E2} = {2C30E615-E8A1-4337-A0A4-87608CA167E2}
		{87008A20-7C32-478B-94F6-FFC5D24EE936} = {87008A20-7C32-478B-94F6-FFC5D24EE936}
		{2DB1F545-E8FA-471A-A652-3C1B511DAF13} = {2DB1F545-E8FA-471A-A652-3C1B511DAF13}
		{6417448C-73FA-491A-ADAE-C0E4F8F8CC37} = {6417448C-73FA-491A-ADAE-C0E4F8F8CC37}
		{9B97F3C2-0E75-494D-BEA6-CD679874F336} = {9B97F3C2-0E75-494D-BEA6-CD679874F336}
		{A05F6AFE-F591-42B8-967E-B85C13285F67} = {A05F6AFE-F591-42B8-967E-B85C13285F67}
	EndProjectSection
EndProject
Project("{8BC9CEB8-8B4A-11D0-8D11-00A0C91BC942}") = "openclbenchmark_tool_module", "openclbenchmark_tool_module.vcproj", "{33C3A851-25FD-47C8-AA28-868D12CEC07E}"
	ProjectSection(ProjectDependencies) = postProject
		{2C30E615-E8A1-4337-A0A4-87608CA167E2} = {2C30E615-E8A1-4337-A0A4-87608CA167E2}
		{87008A20-7C32-478B-94F6-FFC5D24EE936} = {87008A20-7C32-478B-94F6-FFC5D24EE936}
		{2DB1F545-E8FA-471A-A652-3C1B511DAF13} = {2DB1F545-E8FA-471A-A652-3C1B511DAF13}
		{C179A698-A821-40DE-9E3D-DB4C4C7F67E5} = {C179A698-A821-40DE-9E3D-DB4C4C7F67E5}
		{A05F6AFE-F591-42B8-967E-B85C13285F67} = {A05F6AFE-F591-42B8-967E-B85C13285F67}
	EndProjectSection
EndProject
Project("{8BC9CEB8-8B4A-11D0-8D11-00A0C91BC942}") = "openclbenchmark_executable", "openclbenchmark_executable.vcproj", "{F3B6FF5A-9A41-4EA2-A03C-83F1E0C8590C}"
	ProjectSection(ProjectDependencies) = postProject
		{2C30E615-E8A1-4337-A0A4-87608CA167E2} = {2C30E615-E8A1-4337-A0A4-87608CA167E2}
		{87008A20-7C32-478B-94F6-FFC5D24EE936} = {87008A20-7C32-478B-94F6-FFC5D24EE936}
		{2DB1F545-E8FA-471A-A652-3C1B511DAF13} = {2DB1F545-E8FA-471A-A652-3C1B511DAF13}
		{6417448C-73FA-491A-ADAE-C0E4F8F8CC37} = {6417448C-73FA-491A-ADAE-C0E4F8F8CC37}
		{C179A698-A821-40DE-9E3D-DB4C4C7F67E5} = {C179A698-A821-40DE-9E3D-DB4C4C7F67E5}
		{9B97F3C2-0E75-494D-BEA6-CD679874F336} = {9B97F3C2-0E75-494D-BEA6-CD679874F336}
		{A05F6AFE-F591-42B8-967E-B85C13285F67} = {A05F6AFE-F591-42B8-967E-B85C13285F67}
	EndProjectSection
EndProject
Project("{2150E333-8FDC-42A3-9474-1A3956D46DE8}") = "Kanzi", "Kanzi", "{64D48BE8-86B3-47BF-82C9-572398463792}"
EndProject
Project("{8BC9CEB8-8B4A-11D0-8D11-00A0C91BC942}") = "user", "..\..\..\..\..\..\Kanzi\Engine\configs\platforms\win32\user.vcproj", "{87008A20-7C32-478B-94F6-FFC5D24EE936}"
	ProjectSection(ProjectDependencies) = postProject
		{2DB1F545-E8FA-471A-A652-3C1B511DAF13} = {2DB1F545-E8FA-471A-A652-3C1B511DAF13}
		{A05F6AFE-F591-42B8-967E-B85C13285F67} = {A05F6AFE-F591-42B8-967E-B85C13285F67}
	EndProjectSection
EndProject
Project("{8BC9CEB8-8B4A-11D0-8D11-00A0C91BC942}") = "core", "..\..\..\..\..\..\Kanzi\Engine\configs\platforms\win32\core.vcproj", "{A05F6AFE-F591-42B8-967E-B85C13285F67}"
	ProjectSection(ProjectDependencies) = postProject
		{2DB1F545-E8FA-471A-A652-3C1B511DAF13} = {2DB1F545-E8FA-471A-A652-3C1B511DAF13}
	EndProjectSection
EndProject
Project("{8BC9CEB8-8B4A-11D0-8D11-00A0C91BC942}") = "system", "..\..\..\..\..\..\Kanzi\Engine\configs\platforms\win32\system.vcproj", "{2DB1F545-E8FA-471A-A652-3C1B511DAF13}"
EndProject
Project("{8BC9CEB8-8B4A-11D0-8D11-00A0C91BC942}") = "application_framework", "..\..\..\..\..\..\Kanzi\Engine\configs\platforms\win32\application_framework.vcproj", "{2C30E615-E8A1-4337-A0A4-87608CA167E2}"
	ProjectSection(ProjectDependencies) = postProject
		{87008A20-7C32-478B-94F6-FFC5D24EE936} = {87008A20-7C32-478B-94F6-FFC5D24EE936}
		{2DB1F545-E8FA-471A-A652-3C1B511DAF13} = {2DB1F545-E8FA-471A-A652-3C1B511DAF13}
		{A05F6AFE-F591-42B8-967E-B85C13285F67} = {A05F6AFE-F591-42B8-967E-B85C13285F67}
	EndProjectSection
EndProject
Project("{8BC9CEB8-8B4A-11D0-8D11-00A0C91BC942}") = "clutil", "clutil.vcproj", "{9B97F3C2-0E75-494D-BEA6-CD679874F336}"
EndProject
Project("{8BC9CEB8-8B4A-11D0-8D11-00A0C91BC942}") = "benchmarkutil", "benchmarkutil.vcproj", "{6417448C-73FA-491A-ADAE-C0E4F8F8CC37}"
EndProject
Global
	GlobalSection(SolutionConfigurationPlatforms) = preSolution
		Debug|Win32 = Debug|Win32
		ES2_IMG_Debug|Win32 = ES2_IMG_Debug|Win32
		ES2_IMG_Release|Win32 = ES2_IMG_Release|Win32
		GL_21_Debug|Win32 = GL_21_Debug|Win32
		GL_21_Release|Win32 = GL_21_Release|Win32
		NO_GL_Debug|Win32 = NO_GL_Debug|Win32
		NO_GL_Release|Win32 = NO_GL_Release|Win32
		Release|Win32 = Release|Win32
	EndGlobalSection
	GlobalSection(ProjectConfigurationPlatforms) = postSolution
		{C179A698-A821-40DE-9E3D-DB4C4C7F67E5}.Debug|Win32.ActiveCfg = GL_21_Debug|Win32
		{C179A698-A821-40DE-9E3D-DB4C4C7F67E5}.Debug|Win32.Build.0 = GL_21_Debug|Win32
		{C179A698-A821-40DE-9E3D-DB4C4C7F67E5}.ES2_IMG_Debug|Win32.ActiveCfg = ES2_IMG_Debug|Win32
		{C179A698-A821-40DE-9E3D-DB4C4C7F67E5}.ES2_IMG_Debug|Win32.Build.0 = ES2_IMG_Debug|Win32
		{C179A698-A821-40DE-9E3D-DB4C4C7F67E5}.ES2_IMG_Release|Win32.ActiveCfg = ES2_IMG_Release|Win32
		{C179A698-A821-40DE-9E3D-DB4C4C7F67E5}.ES2_IMG_Release|Win32.Build.0 = ES2_IMG_Release|Win32
		{C179A698-A821-40DE-9E3D-DB4C4C7F67E5}.GL_21_Debug|Win32.ActiveCfg = GL_21_Debug|Win32
		{C179A698-A821-40DE-9E3D-DB4C4C7F67E5}.GL_21_Debug|Win32.Build.0 = GL_21_Debug|Win32
		{C179A698-A821-40DE-9E3D-DB4C4C7F67E5}.GL_21_Release|Win32.ActiveCfg = GL_21_Release|Win32
		{C179A698-A821-40DE-9E3D-DB4C4C7F67E5}.GL_21_Release|Win32.Build.0 = GL_21_Release|Win32
		{C179A698-A821-40DE-9E3D-DB4C4C7F67E5}.NO_GL_Debug|Win32.ActiveCfg = NO_GL_Debug|Win32
		{C179A698-A821-40DE-9E3D-DB4C4C7F67E5}.NO_GL_Debug|Win32.Build.0 = NO_GL_Debug|Win32
		{C179A698-A821-40DE-9E3D-DB4C4C7F67E5}.NO_GL_Release|Win32.ActiveCfg = NO_GL_Release|Win32
		{C179A698-A821-40DE-9E3D-DB4C4C7F67E5}.NO_GL_Release|Win32.Build.0 = NO_GL_Release|Win32
		{C179A698-A821-40DE-9E3D-DB4C4C7F67E5}.Release|Win32.ActiveCfg = GL_21_Release|Win32
		{C179A698-A821-40DE-9E3D-DB4C4C7F67E5}.Release|Win32.Build.0 = GL_21_Release|Win32
		{33C3A851-25FD-47C8-AA28-868D12CEC07E}.Debug|Win32.ActiveCfg = GL_21_Debug|Win32
		{33C3A851-25FD-47C8-AA28-868D12CEC07E}.Debug|Win32.Build.0 = GL_21_Debug|Win32
		{33C3A851-25FD-47C8-AA28-868D12CEC07E}.ES2_IMG_Debug|Win32.ActiveCfg = ES2_IMG_Debug|Win32
		{33C3A851-25FD-47C8-AA28-868D12CEC07E}.ES2_IMG_Debug|Win32.Build.0 = ES2_IMG_Debug|Win32
		{33C3A851-25FD-47C8-AA28-868D12CEC07E}.ES2_IMG_Release|Win32.ActiveCfg = ES2_IMG_Release|Win32
		{33C3A851-25FD-47C8-AA28-868D12CEC07E}.ES2_IMG_Release|Win32.Build.0 = ES2_IMG_Release|Win32
		{33C3A851-25FD-47C8-AA28-868D12CEC07E}.GL_21_Debug|Win32.ActiveCfg = GL_21_Debug|Win32
		{33C3A851-25FD-47C8-AA28-868D12CEC07E}.GL_21_Debug|Win32.Build.0 = GL_21_Debug|Win32
		{33C3A851-25FD-47C8-AA28-868D12CEC07E}.GL_21_Release|Win32.ActiveCfg = GL_21_Release|Win32
		{33C3A851-25FD-47C8-AA28-868D12CEC07E}.GL_21_Release|Win32.Build.0 = GL_21_Release|Win32
		{33C3A851-25FD-47C8-AA28-868D12CEC07E}.NO_GL_Debug|Win32.ActiveCfg = NO_GL_Debug|Win32
		{33C3A851-25FD-47C8-AA28-868D12CEC07E}.NO_GL_Debug|Win32.Build.0 = NO_GL_Debug|Win32
		{33C3A851-25FD-47C8-AA28-868D12CEC07E}.NO_GL_Release|Win32.ActiveCfg = NO_GL_Release|Win32
		{33C3A851-25FD-47C8-AA28-868D12CEC07E}.NO_GL_Release|Win32.Build.0 = NO_GL_Release|Win32
		{33C3A851-25FD-47C8-AA28-868D12CEC07E}.Release|Win32.ActiveCfg = GL_21_Release|Win32
		{33C3A851-25FD-47C8-AA28-868D12CEC07E}.Release|Win32.Build.0 = GL_21_Release|Win32
		{F3B6FF5A-9A41-4EA2-A03C-83F1E0C8590C}.Debug|Win32.ActiveCfg = GL_21_Debug|Win32
		{F3B6FF5A-9A41-4EA2-A03C-83F1E0C8590C}.Debug|Win32.Build.0 = GL_21_Debug|Win32
		{F3B6FF5A-9A41-4EA2-A03C-83F1E0C8590C}.ES2_IMG_Debug|Win32.ActiveCfg = ES2_IMG_Debug|Win32
		{F3B6FF5A-9A41-4EA2-A03C-83F1E0C8590C}.ES2_IMG_Debug|Win32.Build.0 = ES2_IMG_Debug|Win32
		{F3B6FF5A-9A41-4EA2-A03C-83F1E0C8590C}.ES2_IMG_Release|Win32.ActiveCfg = ES2_IMG_Release|Win32
		{F3B6FF5A-9A41-4EA2-A03C-83F1E0C8590C}.ES2_IMG_Release|Win32.Build.0 = ES2_IMG_Release|Win32
		{F3B6FF5A-9A41-4EA2-A03C-83F1E0C8590C}.GL_21_Debug|Win32.ActiveCfg = GL_21_Debug|Win32
		{F3B6FF5A-9A41-4EA2-A03C-83F1E0C8590C}.GL_21_Debug|Win32.Build.0 = GL_21_Debug|Win32
		{F3B6FF5A-9A41-4EA2-A03C-83F1E0C8590C}.GL_21_Release|Win32.ActiveCfg = GL_21_Release|Win32
		{F3B6FF5A-9A41-4EA2-A03C-83F1E0C8590C}.GL_21_Release|Win32.Build.0 = GL_21_Release|Win32
		{F3B6FF5A-9A41-4EA2-A03C-83F1E0C8590C}.NO_GL_Debug|Win32.ActiveCfg = NO_GL_Debug|Win32
		{F3B6FF5A-9A41-4EA2-A03C-83F1E0C8590C}.NO_GL_Debug|Win32.Build.0 = NO_GL_Debug|Win32
		{F3B6FF5A-9A41-4EA2-A03C-83F1E0C8590C}.NO_GL_Release|Win32.ActiveCfg = NO_GL_Release|Win32
		{F3B6FF5A-9A41-4EA2-A03C-83F1E0C8590C}.NO_GL_Release|Win32.Build.0 = NO_GL_Release|Win32
		{F3B6FF5A-9A41-4EA2-A03C-83F1E0C8590C}.Release|Win32.ActiveCfg = GL_21_Release|Win32
		{F3B6FF5A-9A41-4EA2-A03C-83F1E0C8590C}.Release|Win32.Build.0 = GL_21_Release|Win32
		{87008A20-7C32-478B-94F6-FFC5D24EE936}.Debug|Win32.ActiveCfg = Debug|Win32
		{87008A20-7C32-478B-94F6-FFC5D24EE936}.Debug|Win32.Build.0 = Debug|Win32
		{87008A20-7C32-478B-94F6-FFC5D24EE936}.ES2_IMG_Debug|Win32.ActiveCfg = ES2_IMG_Debug|Win32
		{87008A20-7C32-478B-94F6-FFC5D24EE936}.ES2_IMG_Debug|Win32.Build.0 = ES2_IMG_Debug|Win32
		{87008A20-7C32-478B-94F6-FFC5D24EE936}.ES2_IMG_Release|Win32.ActiveCfg = ES2_IMG_Release|Win32
		{87008A20-7C32-478B-94F6-FFC5D24EE936}.ES2_IMG_Release|Win32.Build.0 = ES2_IMG_Release|Win32
		{87008A20-7C32-478B-94F6-FFC5D24EE936}.GL_21_Debug|Win32.ActiveCfg = GL_21_Debug|Win32
		{87008A20-7C32-478B-94F6-FFC5D24EE936}.GL_21_Debug|Win32.Build.0 = GL_21_Debug|Win32
		{87008A20-7C32-478B-94F6-FFC5D24EE936}.GL_21_Release|Win32.ActiveCfg = GL_21_Release|Win32
		{87008A20-7C32-478B-94F6-FFC5D24EE936}.GL_21_Release|Win32.Build.0 = GL_21_Release|Win32
		{87008A20-7C32-478B-94F6-FFC5D24EE936}.NO_GL_Debug|Win32.ActiveCfg = NO_GL_Debug|Win32
		{87008A20-7C32-478B-94F6-FFC5D24EE936}.NO_GL_Debug|Win32.Build.0 = NO_GL_Debug|Win32
		{87008A20-7C32-478B-94F6-FFC5D24EE936}.NO_GL_Release|Win32.ActiveCfg = NO_GL_Release|Win32
		{87008A20-7C32-478B-94F6-FFC5D24EE936}.NO_GL_Release|Win32.Build.0 = NO_GL_Release|Win32
		{87008A20-7C32-478B-94F6-FFC5D24EE936}.Release|Win32.ActiveCfg = Release|Win32
		{87008A20-7C32-478B-94F6-FFC5D24EE936}.Release|Win32.Build.0 = Release|Win32
		{A05F6AFE-F591-42B8-967E-B85C13285F67}.Debug|Win32.ActiveCfg = Debug|Win32
		{A05F6AFE-F591-42B8-967E-B85C13285F67}.Debug|Win32.Build.0 = Debug|Win32
		{A05F6AFE-F591-42B8-967E-B85C13285F67}.ES2_IMG_Debug|Win32.ActiveCfg = ES2_IMG_Debug|Win32
		{A05F6AFE-F591-42B8-967E-B85C13285F67}.ES2_IMG_Debug|Win32.Build.0 = ES2_IMG_Debug|Win32
		{A05F6AFE-F591-42B8-967E-B85C13285F67}.ES2_IMG_Release|Win32.ActiveCfg = ES2_IMG_Release|Win32
		{A05F6AFE-F591-42B8-967E-B85C13285F67}.ES2_IMG_Release|Win32.Build.0 = ES2_IMG_Release|Win32
		{A05F6AFE-F591-42B8-967E-B85C13285F67}.GL_21_Debug|Win32.ActiveCfg = GL_21_Debug|Win32
		{A05F6AFE-F591-42B8-967E-B85C13285F67}.GL_21_Debug|Win32.Build.0 = GL_21_Debug|Win32
		{A05F6AFE-F591-42B8-967E-B85C13285F67}.GL_21_Release|Win32.ActiveCfg = GL_21_Release|Win32
		{A05F6AFE-F591-42B8-967E-B85C13285F67}.GL_21_Release|Win32.Build.0 = GL_21_Release|Win32
		{A05F6AFE-F591-42B8-967E-B85C13285F67}.NO_GL_Debug|Win32.ActiveCfg = NO_GL_Debug|Win32
		{A05F6AFE-F591-42B8-967E-B85C13285F67}.NO_GL_Debug|Win32.Build.0 = NO_GL_Debug|Win32
		{A05F6AFE-F591-42B8-967E-B85C13285F67}.NO_GL_Release|Win32.ActiveCfg = NO_GL_Release|Win32
		{A05F6AFE-F591-42B8-967E-B85C13285F67}.NO_GL_Release|Win32.Build.0 = NO_GL_Release|Win32
		{A05F6AFE-F591-42B8-967E-B85C13285F67}.Release|Win32.ActiveCfg = Release|Win32
		{A05F6AFE-F591-42B8-967E-B85C13285F67}.Release|Win32.Build.0 = Release|Win32
		{2DB1F545-E8FA-471A-A652-3C1B511DAF13}.Debug|Win32.ActiveCfg = Debug|Win32
		{2DB1F545-E8FA-471A-A652-3C1B511DAF13}.Debug|Win32.Build.0 = Debug|Win32
		{2DB1F545-E8FA-471A-A652-3C1B511DAF13}.ES2_IMG_Debug|Win32.ActiveCfg = ES2_IMG_Debug|Win32
		{2DB1F545-E8FA-471A-A652-3C1B511DAF13}.ES2_IMG_Debug|Win32.Build.0 = ES2_IMG_Debug|Win32
		{2DB1F545-E8FA-471A-A652-3C1B511DAF13}.ES2_IMG_Release|Win32.ActiveCfg = ES2_IMG_Release|Win32
		{2DB1F545-E8FA-471A-A652-3C1B511DAF13}.ES2_IMG_Release|Win32.Build.0 = ES2_IMG_Release|Win32
		{2DB1F545-E8FA-471A-A652-3C1B511DAF13}.GL_21_Debug|Win32.ActiveCfg = GL_21_Debug|Win32
		{2DB1F545-E8FA-471A-A652-3C1B511DAF13}.GL_21_Debug|Win32.Build.0 = GL_21_Debug|Win32
		{2DB1F545-E8FA-471A-A652-3C1B511DAF13}.GL_21_Release|Win32.ActiveCfg = GL_21_Release|Win32
		{2DB1F545-E8FA-471A-A652-3C1B511DAF13}.GL_21_Release|Win32.Build.0 = GL_21_Release|Win32
		{2DB1F545-E8FA-471A-A652-3C1B511DAF13}.NO_GL_Debug|Win32.ActiveCfg = NO_GL_Debug|Win32
		{2DB1F545-E8FA-471A-A652-3C1B511DAF13}.NO_GL_Debug|Win32.Build.0 = NO_GL_Debug|Win32
		{2DB1F545-E8FA-471A-A652-3C1B511DAF13}.NO_GL_Release|Win32.ActiveCfg = NO_GL_Release|Win32
		{2DB1F545-E8FA-471A-A652-3C1B511DAF13}.NO_GL_Release|Win32.Build.0 = NO_GL_Release|Win32
		{2DB1F545-E8FA-471A-A652-3C1B511DAF13}.Release|Win32.ActiveCfg = Release|Win32
		{2DB1F545-E8FA-471A-A652-3C1B511DAF13}.Release|Win32.Build.0 = Release|Win32
		{2C30E615-E8A1-4337-A0A4-87608CA167E2}.Debug|Win32.ActiveCfg = Debug|Win32
		{2C30E615-E8A1-4337-A0A4-87608CA167E2}.Debug|Win32.Build.0 = Debug|Win32
		{2C30E615-E8A1-4337-A0A4-87608CA167E2}.ES2_IMG_Debug|Win32.ActiveCfg = ES2_IMG_Debug|Win32
		{2C30E615-E8A1-4337-A0A4-87608CA167E2}.ES2_IMG_Debug|Win32.Build.0 = ES2_IMG_Debug|Win32
		{2C30E615-E8A1-4337-A0A4-87608CA167E2}.ES2_IMG_Release|Win32.ActiveCfg = ES2_IMG_Release|Win32
		{2C30E615-E8A1-4337-A0A4-87608CA167E2}.ES2_IMG_Release|Win32.Build.0 = ES2_IMG_Release|Win32
		{2C30E615-E8A1-4337-A0A4-87608CA167E2}.GL_21_Debug|Win32.ActiveCfg = GL_21_Debug|Win32
		{2C30E615-E8A1-4337-A0A4-87608CA167E2}.GL_21_Debug|Win32.Build.0 = GL_21_Debug|Win32
		{2C30E615-E8A1-4337-A0A4-87608CA167E2}.GL_21_Release|Win32.ActiveCfg = GL_21_Release|Win32
		{2C30E615-E8A1-4337-A0A4-87608CA167E2}.GL_21_Release|Win32.Build.0 = GL_21_Release|Win32
		{2C30E615-E8A1-4337-A0A4-87608CA167E2}.NO_GL_Debug|Win32.ActiveCfg = NO_GL_Debug|Win32
		{2C30E615-E8A1-4337-A0A4-87608CA167E2}.NO_GL_Debug|Win32.Build.0 = NO_GL_Debug|Win32
		{2C30E615-E8A1-4337-A0A4-87608CA167E2}.NO_GL_Release|Win32.ActiveCfg = NO_GL_Release|Win32
		{2C30E615-E8A1-4337-A0A4-87608CA167E2}.NO_GL_Release|Win32.Build.0 = NO_GL_Release|Win32
		{2C30E615-E8A1-4337-A0A4-87608CA167E2}.Release|Win32.ActiveCfg = Release|Win32
		{2C30E615-E8A1-4337-A0A4-87608CA167E2}.Release|Win32.Build.0 = Release|Win32
		{9B97F3C2-0E75-494D-BEA6-CD679874F336}.Debug|Win32.ActiveCfg = GL_21_Debug|Win32
		{9B97F3C2-0E75-494D-BEA6-CD679874F336}.Debug|Win32.Build.0 = GL_21_Debug|Win32
		{9B97F3C2-0E75-494D-BEA6-CD679874F336}.ES2_IMG_Debug|Win32.ActiveCfg = ES2_IMG_Debug|Win32
		{9B97F3C2-0E75-494D-BEA6-CD679874F336}.ES2_IMG_Debug|Win32.Build.0 = ES2_IMG_Debug|Win32
		{9B97F3C2-0E75-494D-BEA6-CD679874F336}.ES2_IMG_Release|Win32.ActiveCfg = ES2_IMG_Release|Win32
		{9B97F3C2-0E75-494D-BEA6-CD679874F336}.ES2_IMG_Release|Win32.Build.0 = ES2_IMG_Release|Win32
		{9B97F3C2-0E75-494D-BEA6-CD679874F336}.GL_21_Debug|Win32.ActiveCfg = GL_21_Debug|Win32
		{9B97F3C2-0E75-494D-BEA6-CD679874F336}.GL_21_Debug|Win32.Build.0 = GL_21_Debug|Win32
		{9B97F3C2-0E75-494D-BEA6-CD679874F336}.GL_21_Release|Win32.ActiveCfg = GL_21_Release|Win32
		{9B97F3C2-0E75-494D-BEA6-CD679874F336}.GL_21_Release|Win32.Build.0 = GL_21_Release|Win32
		{9B97F3C2-0E75-494D-BEA6-CD679874F336}.NO_GL_Debug|Win32.ActiveCfg = NO_GL_Debug|Win32
		{9B97F3C2-0E75-494D-BEA6-CD679874F336}.NO_GL_Debug|Win32.Build.0 = NO_GL_Debug|Win32
		{9B97F3C2-0E75-494D-BEA6-CD679874F336}.NO_GL_Release|Win32.ActiveCfg = NO_GL_Release|Win32
		{9B97F3C2-0E75-494D-BEA6-CD679874F336}.NO_GL_Release|Win32.Build.0 = NO_GL_Release|Win32
		{9B97F3C2-0E75-494D-BEA6-CD679874F336}.Release|Win32.ActiveCfg = GL_21_Release|Win32
		{9B97F3C2-0E75-494D-BEA6-CD679874F336}.Release|Win32.Build.0 = GL_21_Release|Win32
		{6417448C-73FA-491A-ADAE-C0E4F8F8CC37}.Debug|Win32.ActiveCfg = GL_21_Debug|Win32
		{6417448C-73FA-491A-ADAE-C0E4F8F8CC37}.Debug|Win32.Build.0 = GL_21_Debug|Win32
		{6417448C-73FA-491A-ADAE-C0E4F8F8CC37}.ES2_IMG_Debug|Win32.ActiveCfg = ES2_IMG_Debug|Win32
		{6417448C-73FA-491A-ADAE-C0E4F8F8CC37}.ES2_IMG_Debug|Win32.Build.0 = ES2_IMG_Debug|Win32
		{6417448C-73FA-491A-ADAE-C0E4F8F8CC37}.ES2_IMG_Release|Win32.ActiveCfg = ES2_IMG_Release|Win32
		{6417448C-73FA-491A-ADAE-C0E4F8F8CC37}.ES2_IMG_Release|Win32.Build.0 = ES2_IMG_Release|Win32
		{6417448C-73FA-491A-ADAE-C0E4F8F8CC37}.GL_21_Debug|Win32.ActiveCfg = GL_21_Debug|Win32
		{6417448C-73FA-491A-ADAE-C0E4F8F8CC37}.GL_21_Debug|Win32.Build.0 = GL_21_Debug|Win32
		{6417448C-73FA-491A-ADAE-C0E4F8F8CC37}.GL_21_Release|Win32.ActiveCfg = GL_21_Release|Win32
		{6417448C-73FA-491A-ADAE-C0E4F8F8CC37}.GL_21_Release|Win32.Build.0 = GL_21_Release|Win32
		{6417448C-73FA-491A-ADAE-C0E4F8F8CC37}.NO_GL_Debug|Win32.ActiveCfg = NO_GL_Debug|Win32
		{6417448C-73FA-491A-ADAE-C0E4F8F8CC37}.NO_GL_Debug|Win32.Build.0 = NO_GL_Debug|Win32
		{6417448C-73FA-491A-ADAE-C0E4F8F8CC37}.NO_GL_Release|Win32.ActiveCfg = NO_GL_Release|Win32
		{6417448C-73FA-491A-ADAE-C0E4F8F8CC37}.NO_GL_Release|Win32.Build.0 = NO_GL_Release|Win32
		{6417448C-73FA-491A-ADAE-C0E4F8F8CC37}.Release|Win32.ActiveCfg = GL_21_Release|Win32
		{6417448C-73FA-491A-ADAE-C0E4F8F8CC37}.Release|Win32.Build.0 = GL_21_Release|Win32
	EndGlobalSection
	GlobalSection(SolutionProperties) = preSolution
		HideSolutionNode = FALSE
	EndGlobalSection
	GlobalSection(NestedProjects) = preSolution
		{87008A20-7C32-478B-94F6-FFC5D24EE936} = {64D48BE8-86B3-47BF-82C9-572398463792}
		{A05F6AFE-F591-42B8-967E-B85C13285F67} = {64D48BE8-86B3-47BF-82C9-572398463792}
		{2DB1F545-E8FA-471A-A652-3C1B511DAF13} = {64D48BE8-86B3-47BF-82C9-572398463792}
		{2C30E615-E8A1-4337-A0A4-87608CA167E2} = {64D48BE8-86B3-47BF-82C9-572398463792}
	EndGlobalSection
EndGlobal
